Microsoft Visual Studio Solution File, Format Version 12.00
# Visual Studio 14
VisualStudioVersion = 14.0.25420.1
MinimumVisualStudioVersion = 10.0.40219.1
Project("{2150E333-8FDC-42A3-9474-1A3956D46DE8}") = "CMakePredefinedTargets", "CMakePredefinedTargets", "{8CEA9CA8-116A-301C-BC31-C5E8C22A29A4}"
EndProject
Project("{2150E333-8FDC-42A3-9474-1A3956D46DE8}") = "Examples", "Examples", "{45264F3D-C95D-32F7-96BC-4E68BD5619DB}"
EndProject
Project("{2150E333-8FDC-42A3-9474-1A3956D46DE8}") = "Tutorial", "Tutorial", "{D484610E-025C-31D9-9E01-3A366DD78D5C}"
EndProject
Project("{2150E333-8FDC-42A3-9474-1A3956D46DE8}") = "AddModule", "AddModule", "{7BB27F0C-0618-39F5-AD94-663261BE10BB}"
EndProject
Project("{2150E333-8FDC-42A3-9474-1A3956D46DE8}") = "Pose", "Pose", "{85BD8279-D8C7-32F6-A3FB-3890BACA4694}"
EndProject
Project("{2150E333-8FDC-42A3-9474-1A3956D46DE8}") = "Thread", "Thread", "{63A1229C-705A-3AFB-82D4-BAAC34955E32}"
EndProject
Project("{2150E333-8FDC-42A3-9474-1A3956D46DE8}") = "Wrapper", "Wrapper", "{1F6A6F0B-6DD3-3937-BD09-2C60F6FB07F8}"
EndProject
Project("{2150E333-8FDC-42A3-9474-1A3956D46DE8}") = "OpenPose library", "OpenPose library", "{C95CD8C7-EFDE-3D97-81F6-258CE8100CCD}"
EndProject
Project("{8BC9CEB8-8B4A-11D0-8D11-00A0C91BC942}") = "OpenPoseDemo", "examples\openpose\OpenPoseDemo.vcxproj", "{A3492873-3F8B-31A6-BC29-69A50CC3A5E4}"
	ProjectSection(ProjectDependencies) = postProject
		{6A7D05A0-DBB1-3816-8447-CDE0FA5D4278} = {6A7D05A0-DBB1-3816-8447-CDE0FA5D4278}
	EndProjectSection
EndProject
Project("{8BC9CEB8-8B4A-11D0-8D11-00A0C91BC942}") = "1_custom_post_processing", "examples\tutorial_add_module\1_custom_post_processing.vcxproj", "{D23682A6-4A77-32AC-A8BB-DF294FA0A122}"
	ProjectSection(ProjectDependencies) = postProject
		{6A7D05A0-DBB1-3816-8447-CDE0FA5D4278} = {6A7D05A0-DBB1-3816-8447-CDE0FA5D4278}
	EndProjectSection
EndProject
Project("{8BC9CEB8-8B4A-11D0-8D11-00A0C91BC942}") = "1_extract_from_image", "examples\tutorial_pose\1_extract_from_image.vcxproj", "{9DE3D2BF-0A50-3A49-A9E0-171AC7042889}"
	ProjectSection(ProjectDependencies) = postProject
		{6A7D05A0-DBB1-3816-8447-CDE0FA5D4278} = {6A7D05A0-DBB1-3816-8447-CDE0FA5D4278}
	EndProjectSection
EndProject
Project("{8BC9CEB8-8B4A-11D0-8D11-00A0C91BC942}") = "1_openpose_read_and_display", "examples\tutorial_thread\1_openpose_read_and_display.vcxproj", "{11DAD24C-C7EB-3DB8-9B8B-6B3BFE2E67B1}"
	ProjectSection(ProjectDependencies) = postProject
		{6A7D05A0-DBB1-3816-8447-CDE0FA5D4278} = {6A7D05A0-DBB1-3816-8447-CDE0FA5D4278}
	EndProjectSection
EndProject
Project("{8BC9CEB8-8B4A-11D0-8D11-00A0C91BC942}") = "1_user_synchronous_postprocessing", "examples\tutorial_wrapper\1_user_synchronous_postprocessing.vcxproj", "{212838AE-A239-3912-AF1C-F8EB665A025C}"
	ProjectSection(ProjectDependencies) = postProject
		{6A7D05A0-DBB1-3816-8447-CDE0FA5D4278} = {6A7D05A0-DBB1-3816-8447-CDE0FA5D4278}
	EndProjectSection
EndProject
Project("{8BC9CEB8-8B4A-11D0-8D11-00A0C91BC942}") = "2_extract_pose_or_heatmat_from_image", "examples\tutorial_pose\2_extract_pose_or_heatmat_from_image.vcxproj", "{BF291CDF-8250-3692-9270-6F1BD069246D}"
	ProjectSection(ProjectDependencies) = postProject
		{6A7D05A0-DBB1-3816-8447-CDE0FA5D4278} = {6A7D05A0-DBB1-3816-8447-CDE0FA5D4278}
	EndProjectSection
EndProject
Project("{8BC9CEB8-8B4A-11D0-8D11-00A0C91BC942}") = "2_user_processing_function", "examples\tutorial_thread\2_user_processing_function.vcxproj", "{FD5975D3-332C-3EC9-B157-EE354DAA2F64}"
	ProjectSection(ProjectDependencies) = postProject
		{6A7D05A0-DBB1-3816-8447-CDE0FA5D4278} = {6A7D05A0-DBB1-3816-8447-CDE0FA5D4278}
	EndProjectSection
EndProject
Project("{8BC9CEB8-8B4A-11D0-8D11-00A0C91BC942}") = "2_user_synchronous_input", "examples\tutorial_wrapper\2_user_synchronous_input.vcxproj", "{5275E3AD-CC04-31E5-9D4F-46F320AA42AD}"
	ProjectSection(ProjectDependencies) = postProject
		{6A7D05A0-DBB1-3816-8447-CDE0FA5D4278} = {6A7D05A0-DBB1-3816-8447-CDE0FA5D4278}
	EndProjectSection
EndProject
Project("{8BC9CEB8-8B4A-11D0-8D11-00A0C91BC942}") = "3_user_input_processing_and_output", "examples\tutorial_thread\3_user_input_processing_and_output.vcxproj", "{6C1E85B5-8A3B-3AC4-96E7-C10B985EADBD}"
	ProjectSection(ProjectDependencies) = postProject
		{6A7D05A0-DBB1-3816-8447-CDE0FA5D4278} = {6A7D05A0-DBB1-3816-8447-CDE0FA5D4278}
	EndProjectSection
EndProject
Project("{8BC9CEB8-8B4A-11D0-8D11-00A0C91BC942}") = "3_user_synchronous_output", "examples\tutorial_wrapper\3_user_synchronous_output.vcxproj", "{C23C27BE-93A8-3DEF-A6E7-D5AB41A0AE62}"
	ProjectSection(ProjectDependencies) = postProject
		{6A7D05A0-DBB1-3816-8447-CDE0FA5D4278} = {6A7D05A0-DBB1-3816-8447-CDE0FA5D4278}
	EndProjectSection
EndProject
Project("{8BC9CEB8-8B4A-11D0-8D11-00A0C91BC942}") = "4_user_input_processing_output_and_datum", "examples\tutorial_thread\4_user_input_processing_output_and_datum.vcxproj", "{DABB14B6-C108-372A-B7F5-8A4AC6325EEB}"
	ProjectSection(ProjectDependencies) = postProject
		{6A7D05A0-DBB1-3816-8447-CDE0FA5D4278} = {6A7D05A0-DBB1-3816-8447-CDE0FA5D4278}
	EndProjectSection
EndProject
Project("{8BC9CEB8-8B4A-11D0-8D11-00A0C91BC942}") = "4_user_synchronous_all", "examples\tutorial_wrapper\4_user_synchronous_all.vcxproj", "{2AB9FC6B-1A1A-3B2E-A808-68CD3B165002}"
	ProjectSection(ProjectDependencies) = postProject
		{6A7D05A0-DBB1-3816-8447-CDE0FA5D4278} = {6A7D05A0-DBB1-3816-8447-CDE0FA5D4278}
	EndProjectSection
EndProject
Project("{8BC9CEB8-8B4A-11D0-8D11-00A0C91BC942}") = "5_user_asynchronous", "examples\tutorial_wrapper\5_user_asynchronous.vcxproj", "{CB74D18E-C87F-3484-945F-E4542C5800EC}"
	ProjectSection(ProjectDependencies) = postProject
		{6A7D05A0-DBB1-3816-8447-CDE0FA5D4278} = {6A7D05A0-DBB1-3816-8447-CDE0FA5D4278}
	EndProjectSection
EndProject
Project("{8BC9CEB8-8B4A-11D0-8D11-00A0C91BC942}") = "6_user_asynchronous_output", "examples\tutorial_wrapper\6_user_asynchronous_output.vcxproj", "{A454BEC2-829C-3D12-84E1-7DD805470DEF}"
	ProjectSection(ProjectDependencies) = postProject
		{6A7D05A0-DBB1-3816-8447-CDE0FA5D4278} = {6A7D05A0-DBB1-3816-8447-CDE0FA5D4278}
	EndProjectSection
EndProject
Project("{8BC9CEB8-8B4A-11D0-8D11-00A0C91BC942}") = "ALL_BUILD", "ALL_BUILD.vcxproj", "{2DFB8932-FB6A-3D2A-BEEA-3FD837E288E3}"
	ProjectSection(ProjectDependencies) = postProject
		{D23682A6-4A77-32AC-A8BB-DF294FA0A122} = {D23682A6-4A77-32AC-A8BB-DF294FA0A122}
		{9DE3D2BF-0A50-3A49-A9E0-171AC7042889} = {9DE3D2BF-0A50-3A49-A9E0-171AC7042889}
		{11DAD24C-C7EB-3DB8-9B8B-6B3BFE2E67B1} = {11DAD24C-C7EB-3DB8-9B8B-6B3BFE2E67B1}
		{212838AE-A239-3912-AF1C-F8EB665A025C} = {212838AE-A239-3912-AF1C-F8EB665A025C}
		{BF291CDF-8250-3692-9270-6F1BD069246D} = {BF291CDF-8250-3692-9270-6F1BD069246D}
		{FD5975D3-332C-3EC9-B157-EE354DAA2F64} = {FD5975D3-332C-3EC9-B157-EE354DAA2F64}
		{5275E3AD-CC04-31E5-9D4F-46F320AA42AD} = {5275E3AD-CC04-31E5-9D4F-46F320AA42AD}
		{6C1E85B5-8A3B-3AC4-96E7-C10B985EADBD} = {6C1E85B5-8A3B-3AC4-96E7-C10B985EADBD}
		{C23C27BE-93A8-3DEF-A6E7-D5AB41A0AE62} = {C23C27BE-93A8-3DEF-A6E7-D5AB41A0AE62}
		{DABB14B6-C108-372A-B7F5-8A4AC6325EEB} = {DABB14B6-C108-372A-B7F5-8A4AC6325EEB}
		{2AB9FC6B-1A1A-3B2E-A808-68CD3B165002} = {2AB9FC6B-1A1A-3B2E-A808-68CD3B165002}
		{CB74D18E-C87F-3484-945F-E4542C5800EC} = {CB74D18E-C87F-3484-945F-E4542C5800EC}
		{A454BEC2-829C-3D12-84E1-7DD805470DEF} = {A454BEC2-829C-3D12-84E1-7DD805470DEF}
		{A3492873-3F8B-31A6-BC29-69A50CC3A5E4} = {A3492873-3F8B-31A6-BC29-69A50CC3A5E4}
		{6A7D05A0-DBB1-3816-8447-CDE0FA5D4278} = {6A7D05A0-DBB1-3816-8447-CDE0FA5D4278}
	EndProjectSection
EndProject
Project("{8BC9CEB8-8B4A-11D0-8D11-00A0C91BC942}") = "openpose", "src\openpose\openpose.vcxproj", "{6A7D05A0-DBB1-3816-8447-CDE0FA5D4278}"
EndProject
Project("{2150E333-8FDC-42A3-9474-1A3956D46DE8}") = "VAoHM", "VAoHM", "{54CFF4D8-027F-4B7E-97EC-14CA9D67E992}"
EndProject
Project("{8BC9CEB8-8B4A-11D0-8D11-00A0C91BC942}") = "VAoHM", "VAoHM\VAoHM\HAoHM.vcxproj", "{D28B355B-06B0-425A-ABE8-5245C6220D74}"
EndProject
Global
	GlobalSection(SolutionConfigurationPlatforms) = preSolution
		Debug|x64 = Debug|x64
		Release|x64 = Release|x64
	EndGlobalSection
	GlobalSection(ProjectConfigurationPlatforms) = postSolution
		{A3492873-3F8B-31A6-BC29-69A50CC3A5E4}.Debug|x64.ActiveCfg = Debug|x64
		{A3492873-3F8B-31A6-BC29-69A50CC3A5E4}.Debug|x64.Build.0 = Debug|x64
		{A3492873-3F8B-31A6-BC29-69A50CC3A5E4}.Release|x64.ActiveCfg = Release|x64
		{A3492873-3F8B-31A6-BC29-69A50CC3A5E4}.Release|x64.Build.0 = Release|x64
		{D23682A6-4A77-32AC-A8BB-DF294FA0A122}.Debug|x64.ActiveCfg = Debug|x64
		{D23682A6-4A77-32AC-A8BB-DF294FA0A122}.Debug|x64.Build.0 = Debug|x64
		{D23682A6-4A77-32AC-A8BB-DF294FA0A122}.Release|x64.ActiveCfg = Release|x64
		{D23682A6-4A77-32AC-A8BB-DF294FA0A122}.Release|x64.Build.0 = Release|x64
		{9DE3D2BF-0A50-3A49-A9E0-171AC7042889}.Debug|x64.ActiveCfg = Debug|x64
		{9DE3D2BF-0A50-3A49-A9E0-171AC7042889}.Debug|x64.Build.0 = Debug|x64
		{9DE3D2BF-0A50-3A49-A9E0-171AC7042889}.Release|x64.ActiveCfg = Release|x64
		{9DE3D2BF-0A50-3A49-A9E0-171AC7042889}.Release|x64.Build.0 = Release|x64
		{11DAD24C-C7EB-3DB8-9B8B-6B3BFE2E67B1}.Debug|x64.ActiveCfg = Debug|x64
		{11DAD24C-C7EB-3DB8-9B8B-6B3BFE2E67B1}.Debug|x64.Build.0 = Debug|x64
		{11DAD24C-C7EB-3DB8-9B8B-6B3BFE2E67B1}.Release|x64.ActiveCfg = Release|x64
		{11DAD24C-C7EB-3DB8-9B8B-6B3BFE2E67B1}.Release|x64.Build.0 = Release|x64
		{212838AE-A239-3912-AF1C-F8EB665A025C}.Debug|x64.ActiveCfg = Debug|x64
		{212838AE-A239-3912-AF1C-F8EB665A025C}.Debug|x64.Build.0 = Debug|x64
		{212838AE-A239-3912-AF1C-F8EB665A025C}.Release|x64.ActiveCfg = Release|x64
		{212838AE-A239-3912-AF1C-F8EB665A025C}.Release|x64.Build.0 = Release|x64
		{BF291CDF-8250-3692-9270-6F1BD069246D}.Debug|x64.ActiveCfg = Debug|x64
		{BF291CDF-8250-3692-9270-6F1BD069246D}.Debug|x64.Build.0 = Debug|x64
		{BF291CDF-8250-3692-9270-6F1BD069246D}.Release|x64.ActiveCfg = Release|x64
		{BF291CDF-8250-3692-9270-6F1BD069246D}.Release|x64.Build.0 = Release|x64
		{FD5975D3-332C-3EC9-B157-EE354DAA2F64}.Debug|x64.ActiveCfg = Debug|x64
		{FD5975D3-332C-3EC9-B157-EE354DAA2F64}.Debug|x64.Build.0 = Debug|x64
		{FD5975D3-332C-3EC9-B157-EE354DAA2F64}.Release|x64.ActiveCfg = Release|x64
		{FD5975D3-332C-3EC9-B157-EE354DAA2F64}.Release|x64.Build.0 = Release|x64
		{5275E3AD-CC04-31E5-9D4F-46F320AA42AD}.Debug|x64.ActiveCfg = Debug|x64
		{5275E3AD-CC04-31E5-9D4F-46F320AA42AD}.Debug|x64.Build.0 = Debug|x64
		{5275E3AD-CC04-31E5-9D4F-46F320AA42AD}.Release|x64.ActiveCfg = Release|x64
		{5275E3AD-CC04-31E5-9D4F-46F320AA42AD}.Release|x64.Build.0 = Release|x64
		{6C1E85B5-8A3B-3AC4-96E7-C10B985EADBD}.Debug|x64.ActiveCfg = Debug|x64
		{6C1E85B5-8A3B-3AC4-96E7-C10B985EADBD}.Debug|x64.Build.0 = Debug|x64
		{6C1E85B5-8A3B-3AC4-96E7-C10B985EADBD}.Release|x64.ActiveCfg = Release|x64
		{6C1E85B5-8A3B-3AC4-96E7-C10B985EADBD}.Release|x64.Build.0 = Release|x64
		{C23C27BE-93A8-3DEF-A6E7-D5AB41A0AE62}.Debug|x64.ActiveCfg = Debug|x64
		{C23C27BE-93A8-3DEF-A6E7-D5AB41A0AE62}.Debug|x64.Build.0 = Debug|x64
		{C23C27BE-93A8-3DEF-A6E7-D5AB41A0AE62}.Release|x64.ActiveCfg = Release|x64
		{C23C27BE-93A8-3DEF-A6E7-D5AB41A0AE62}.Release|x64.Build.0 = Release|x64
		{DABB14B6-C108-372A-B7F5-8A4AC6325EEB}.Debug|x64.ActiveCfg = Debug|x64
		{DABB14B6-C108-372A-B7F5-8A4AC6325EEB}.Debug|x64.Build.0 = Debug|x64
		{DABB14B6-C108-372A-B7F5-8A4AC6325EEB}.Release|x64.ActiveCfg = Release|x64
		{DABB14B6-C108-372A-B7F5-8A4AC6325EEB}.Release|x64.Build.0 = Release|x64
		{2AB9FC6B-1A1A-3B2E-A808-68CD3B165002}.Debug|x64.ActiveCfg = Debug|x64
		{2AB9FC6B-1A1A-3B2E-A808-68CD3B165002}.Debug|x64.Build.0 = Debug|x64
		{2AB9FC6B-1A1A-3B2E-A808-68CD3B165002}.Release|x64.ActiveCfg = Release|x64
		{2AB9FC6B-1A1A-3B2E-A808-68CD3B165002}.Release|x64.Build.0 = Release|x64
		{CB74D18E-C87F-3484-945F-E4542C5800EC}.Debug|x64.ActiveCfg = Debug|x64
		{CB74D18E-C87F-3484-945F-E4542C5800EC}.Debug|x64.Build.0 = Debug|x64
		{CB74D18E-C87F-3484-945F-E4542C5800EC}.Release|x64.ActiveCfg = Release|x64
		{CB74D18E-C87F-3484-945F-E4542C5800EC}.Release|x64.Build.0 = Release|x64
		{A454BEC2-829C-3D12-84E1-7DD805470DEF}.Debug|x64.ActiveCfg = Debug|x64
		{A454BEC2-829C-3D12-84E1-7DD805470DEF}.Debug|x64.Build.0 = Debug|x64
		{A454BEC2-829C-3D12-84E1-7DD805470DEF}.Release|x64.ActiveCfg = Release|x64
		{A454BEC2-829C-3D12-84E1-7DD805470DEF}.Release|x64.Build.0 = Release|x64
		{2DFB8932-FB6A-3D2A-BEEA-3FD837E288E3}.Debug|x64.ActiveCfg = Debug|x64
		{2DFB8932-FB6A-3D2A-BEEA-3FD837E288E3}.Release|x64.ActiveCfg = Release|x64
		{6A7D05A0-DBB1-3816-8447-CDE0FA5D4278}.Debug|x64.ActiveCfg = Debug|x64
		{6A7D05A0-DBB1-3816-8447-CDE0FA5D4278}.Debug|x64.Build.0 = Debug|x64
		{6A7D05A0-DBB1-3816-8447-CDE0FA5D4278}.Release|x64.ActiveCfg = Release|x64
		{6A7D05A0-DBB1-3816-8447-CDE0FA5D4278}.Release|x64.Build.0 = Release|x64
		{D28B355B-06B0-425A-ABE8-5245C6220D74}.Debug|x64.ActiveCfg = Debug|x64
		{D28B355B-06B0-425A-ABE8-5245C6220D74}.Debug|x64.Build.0 = Debug|x64
		{D28B355B-06B0-425A-ABE8-5245C6220D74}.Release|x64.ActiveCfg = Release|x64
		{D28B355B-06B0-425A-ABE8-5245C6220D74}.Release|x64.Build.0 = Release|x64
	EndGlobalSection
	GlobalSection(SolutionProperties) = preSolution
		HideSolutionNode = FALSE
	EndGlobalSection
	GlobalSection(NestedProjects) = preSolution
		{D484610E-025C-31D9-9E01-3A366DD78D5C} = {45264F3D-C95D-32F7-96BC-4E68BD5619DB}
		{7BB27F0C-0618-39F5-AD94-663261BE10BB} = {D484610E-025C-31D9-9E01-3A366DD78D5C}
		{85BD8279-D8C7-32F6-A3FB-3890BACA4694} = {D484610E-025C-31D9-9E01-3A366DD78D5C}
		{63A1229C-705A-3AFB-82D4-BAAC34955E32} = {D484610E-025C-31D9-9E01-3A366DD78D5C}
		{1F6A6F0B-6DD3-3937-BD09-2C60F6FB07F8} = {D484610E-025C-31D9-9E01-3A366DD78D5C}
		{A3492873-3F8B-31A6-BC29-69A50CC3A5E4} = {45264F3D-C95D-32F7-96BC-4E68BD5619DB}
		{D23682A6-4A77-32AC-A8BB-DF294FA0A122} = {7BB27F0C-0618-39F5-AD94-663261BE10BB}
		{9DE3D2BF-0A50-3A49-A9E0-171AC7042889} = {85BD8279-D8C7-32F6-A3FB-3890BACA4694}
		{11DAD24C-C7EB-3DB8-9B8B-6B3BFE2E67B1} = {63A1229C-705A-3AFB-82D4-BAAC34955E32}
		{212838AE-A239-3912-AF1C-F8EB665A025C} = {1F6A6F0B-6DD3-3937-BD09-2C60F6FB07F8}
		{BF291CDF-8250-3692-9270-6F1BD069246D} = {85BD8279-D8C7-32F6-A3FB-3890BACA4694}
		{FD5975D3-332C-3EC9-B157-EE354DAA2F64} = {63A1229C-705A-3AFB-82D4-BAAC34955E32}
		{5275E3AD-CC04-31E5-9D4F-46F320AA42AD} = {1F6A6F0B-6DD3-3937-BD09-2C60F6FB07F8}
		{6C1E85B5-8A3B-3AC4-96E7-C10B985EADBD} = {63A1229C-705A-3AFB-82D4-BAAC34955E32}
		{C23C27BE-93A8-3DEF-A6E7-D5AB41A0AE62} = {1F6A6F0B-6DD3-3937-BD09-2C60F6FB07F8}
		{DABB14B6-C108-372A-B7F5-8A4AC6325EEB} = {63A1229C-705A-3AFB-82D4-BAAC34955E32}
		{2AB9FC6B-1A1A-3B2E-A808-68CD3B165002} = {1F6A6F0B-6DD3-3937-BD09-2C60F6FB07F8}
		{CB74D18E-C87F-3484-945F-E4542C5800EC} = {1F6A6F0B-6DD3-3937-BD09-2C60F6FB07F8}
		{A454BEC2-829C-3D12-84E1-7DD805470DEF} = {1F6A6F0B-6DD3-3937-BD09-2C60F6FB07F8}
		{2DFB8932-FB6A-3D2A-BEEA-3FD837E288E3} = {8CEA9CA8-116A-301C-BC31-C5E8C22A29A4}
		{6A7D05A0-DBB1-3816-8447-CDE0FA5D4278} = {C95CD8C7-EFDE-3D97-81F6-258CE8100CCD}
		{D28B355B-06B0-425A-ABE8-5245C6220D74} = {54CFF4D8-027F-4B7E-97EC-14CA9D67E992}
	EndGlobalSection
	GlobalSection(ExtensibilityGlobals) = postSolution
		SolutionGuid = {2F572F9A-7F37-3973-8C7A-3F707AC83DC3}
	EndGlobalSection
EndGlobal
