<?xml version="1.0" encoding="utf-8"?>
<Project ToolsVersion="14.0" xmlns="http://schemas.microsoft.com/developer/msbuild/2003">
  <ItemGroup>
    <ClCompile Include="D:\Michael\Documents\UNI\TU Wien\8.Semester\UE Visual Analysis of Human Motion\openpose\src\openpose\3d\cameraParameterReader.cpp">
      <Filter>Source Files\3d</Filter>
    </ClCompile>
    <ClCompile Include="D:\Michael\Documents\UNI\TU Wien\8.Semester\UE Visual Analysis of Human Motion\openpose\src\openpose\3d\defineTemplates.cpp">
      <Filter>Source Files\3d</Filter>
    </ClCompile>
    <ClCompile Include="D:\Michael\Documents\UNI\TU Wien\8.Semester\UE Visual Analysis of Human Motion\openpose\src\openpose\3d\poseTriangulation.cpp">
      <Filter>Source Files\3d</Filter>
    </ClCompile>
    <ClCompile Include="D:\Michael\Documents\UNI\TU Wien\8.Semester\UE Visual Analysis of Human Motion\openpose\src\openpose\core\array.cpp">
      <Filter>Source Files\core</Filter>
    </ClCompile>
    <ClCompile Include="D:\Michael\Documents\UNI\TU Wien\8.Semester\UE Visual Analysis of Human Motion\openpose\src\openpose\core\cvMatToOpInput.cpp">
      <Filter>Source Files\core</Filter>
    </ClCompile>
    <ClCompile Include="D:\Michael\Documents\UNI\TU Wien\8.Semester\UE Visual Analysis of Human Motion\openpose\src\openpose\core\cvMatToOpOutput.cpp">
      <Filter>Source Files\core</Filter>
    </ClCompile>
    <ClCompile Include="D:\Michael\Documents\UNI\TU Wien\8.Semester\UE Visual Analysis of Human Motion\openpose\src\openpose\core\datum.cpp">
      <Filter>Source Files\core</Filter>
    </ClCompile>
    <ClCompile Include="D:\Michael\Documents\UNI\TU Wien\8.Semester\UE Visual Analysis of Human Motion\openpose\src\openpose\core\defineTemplates.cpp">
      <Filter>Source Files\core</Filter>
    </ClCompile>
    <ClCompile Include="D:\Michael\Documents\UNI\TU Wien\8.Semester\UE Visual Analysis of Human Motion\openpose\src\openpose\core\gpuRenderer.cpp">
      <Filter>Source Files\core</Filter>
    </ClCompile>
    <ClCompile Include="D:\Michael\Documents\UNI\TU Wien\8.Semester\UE Visual Analysis of Human Motion\openpose\src\openpose\core\keepTopNPeople.cpp">
      <Filter>Source Files\core</Filter>
    </ClCompile>
    <ClCompile Include="D:\Michael\Documents\UNI\TU Wien\8.Semester\UE Visual Analysis of Human Motion\openpose\src\openpose\core\keypointScaler.cpp">
      <Filter>Source Files\core</Filter>
    </ClCompile>
    <ClCompile Include="D:\Michael\Documents\UNI\TU Wien\8.Semester\UE Visual Analysis of Human Motion\openpose\src\openpose\core\opOutputToCvMat.cpp">
      <Filter>Source Files\core</Filter>
    </ClCompile>
    <ClCompile Include="D:\Michael\Documents\UNI\TU Wien\8.Semester\UE Visual Analysis of Human Motion\openpose\src\openpose\core\point.cpp">
      <Filter>Source Files\core</Filter>
    </ClCompile>
    <ClCompile Include="D:\Michael\Documents\UNI\TU Wien\8.Semester\UE Visual Analysis of Human Motion\openpose\src\openpose\core\rectangle.cpp">
      <Filter>Source Files\core</Filter>
    </ClCompile>
    <ClCompile Include="D:\Michael\Documents\UNI\TU Wien\8.Semester\UE Visual Analysis of Human Motion\openpose\src\openpose\core\renderer.cpp">
      <Filter>Source Files\core</Filter>
    </ClCompile>
    <ClCompile Include="D:\Michael\Documents\UNI\TU Wien\8.Semester\UE Visual Analysis of Human Motion\openpose\src\openpose\core\scaleAndSizeExtractor.cpp">
      <Filter>Source Files\core</Filter>
    </ClCompile>
    <ClCompile Include="D:\Michael\Documents\UNI\TU Wien\8.Semester\UE Visual Analysis of Human Motion\openpose\src\openpose\experimental\tracking\defineTemplates.cpp">
      <Filter>Source Files</Filter>
    </ClCompile>
    <ClCompile Include="D:\Michael\Documents\UNI\TU Wien\8.Semester\UE Visual Analysis of Human Motion\openpose\src\openpose\experimental\tracking\personIdExtractor.cpp">
      <Filter>Source Files</Filter>
    </ClCompile>
    <ClCompile Include="D:\Michael\Documents\UNI\TU Wien\8.Semester\UE Visual Analysis of Human Motion\openpose\src\openpose\experimental\tracking\personTracker.cpp">
      <Filter>Source Files</Filter>
    </ClCompile>
    <ClCompile Include="D:\Michael\Documents\UNI\TU Wien\8.Semester\UE Visual Analysis of Human Motion\openpose\src\openpose\experimental\tracking\pyramidalLK.cpp">
      <Filter>Source Files</Filter>
    </ClCompile>
    <ClCompile Include="D:\Michael\Documents\UNI\TU Wien\8.Semester\UE Visual Analysis of Human Motion\openpose\src\openpose\face\defineTemplates.cpp">
      <Filter>Source Files\face</Filter>
    </ClCompile>
    <ClCompile Include="D:\Michael\Documents\UNI\TU Wien\8.Semester\UE Visual Analysis of Human Motion\openpose\src\openpose\face\faceDetector.cpp">
      <Filter>Source Files\face</Filter>
    </ClCompile>
    <ClCompile Include="D:\Michael\Documents\UNI\TU Wien\8.Semester\UE Visual Analysis of Human Motion\openpose\src\openpose\face\faceDetectorOpenCV.cpp">
      <Filter>Source Files\face</Filter>
    </ClCompile>
    <ClCompile Include="D:\Michael\Documents\UNI\TU Wien\8.Semester\UE Visual Analysis of Human Motion\openpose\src\openpose\face\faceExtractorCaffe.cpp">
      <Filter>Source Files\face</Filter>
    </ClCompile>
    <ClCompile Include="D:\Michael\Documents\UNI\TU Wien\8.Semester\UE Visual Analysis of Human Motion\openpose\src\openpose\face\faceExtractorNet.cpp">
      <Filter>Source Files\face</Filter>
    </ClCompile>
    <ClCompile Include="D:\Michael\Documents\UNI\TU Wien\8.Semester\UE Visual Analysis of Human Motion\openpose\src\openpose\face\faceCpuRenderer.cpp">
      <Filter>Source Files\face</Filter>
    </ClCompile>
    <ClCompile Include="D:\Michael\Documents\UNI\TU Wien\8.Semester\UE Visual Analysis of Human Motion\openpose\src\openpose\face\faceGpuRenderer.cpp">
      <Filter>Source Files\face</Filter>
    </ClCompile>
    <ClCompile Include="D:\Michael\Documents\UNI\TU Wien\8.Semester\UE Visual Analysis of Human Motion\openpose\src\openpose\face\faceRenderer.cpp">
      <Filter>Source Files\face</Filter>
    </ClCompile>
    <ClCompile Include="D:\Michael\Documents\UNI\TU Wien\8.Semester\UE Visual Analysis of Human Motion\openpose\src\openpose\face\renderFace.cpp">
      <Filter>Source Files\face</Filter>
    </ClCompile>
    <ClCompile Include="D:\Michael\Documents\UNI\TU Wien\8.Semester\UE Visual Analysis of Human Motion\openpose\src\openpose\filestream\cocoJsonSaver.cpp">
      <Filter>Source Files\filestream</Filter>
    </ClCompile>
    <ClCompile Include="D:\Michael\Documents\UNI\TU Wien\8.Semester\UE Visual Analysis of Human Motion\openpose\src\openpose\filestream\defineTemplates.cpp">
      <Filter>Source Files\filestream</Filter>
    </ClCompile>
    <ClCompile Include="D:\Michael\Documents\UNI\TU Wien\8.Semester\UE Visual Analysis of Human Motion\openpose\src\openpose\filestream\fileSaver.cpp">
      <Filter>Source Files\filestream</Filter>
    </ClCompile>
    <ClCompile Include="D:\Michael\Documents\UNI\TU Wien\8.Semester\UE Visual Analysis of Human Motion\openpose\src\openpose\filestream\fileStream.cpp">
      <Filter>Source Files\filestream</Filter>
    </ClCompile>
    <ClCompile Include="D:\Michael\Documents\UNI\TU Wien\8.Semester\UE Visual Analysis of Human Motion\openpose\src\openpose\filestream\heatMapSaver.cpp">
      <Filter>Source Files\filestream</Filter>
    </ClCompile>
    <ClCompile Include="D:\Michael\Documents\UNI\TU Wien\8.Semester\UE Visual Analysis of Human Motion\openpose\src\openpose\filestream\imageSaver.cpp">
      <Filter>Source Files\filestream</Filter>
    </ClCompile>
    <ClCompile Include="D:\Michael\Documents\UNI\TU Wien\8.Semester\UE Visual Analysis of Human Motion\openpose\src\openpose\filestream\jsonOfstream.cpp">
      <Filter>Source Files\filestream</Filter>
    </ClCompile>
    <ClCompile Include="D:\Michael\Documents\UNI\TU Wien\8.Semester\UE Visual Analysis of Human Motion\openpose\src\openpose\filestream\keypointSaver.cpp">
      <Filter>Source Files\filestream</Filter>
    </ClCompile>
    <ClCompile Include="D:\Michael\Documents\UNI\TU Wien\8.Semester\UE Visual Analysis of Human Motion\openpose\src\openpose\filestream\peopleJsonSaver.cpp">
      <Filter>Source Files\filestream</Filter>
    </ClCompile>
    <ClCompile Include="D:\Michael\Documents\UNI\TU Wien\8.Semester\UE Visual Analysis of Human Motion\openpose\src\openpose\filestream\videoSaver.cpp">
      <Filter>Source Files\filestream</Filter>
    </ClCompile>
    <ClCompile Include="D:\Michael\Documents\UNI\TU Wien\8.Semester\UE Visual Analysis of Human Motion\openpose\src\openpose\gpu\cuda.cpp">
      <Filter>Source Files\gpu</Filter>
    </ClCompile>
    <ClCompile Include="D:\Michael\Documents\UNI\TU Wien\8.Semester\UE Visual Analysis of Human Motion\openpose\src\openpose\gpu\gpu.cpp">
      <Filter>Source Files\gpu</Filter>
    </ClCompile>
    <ClCompile Include="D:\Michael\Documents\UNI\TU Wien\8.Semester\UE Visual Analysis of Human Motion\openpose\src\openpose\gpu\opencl.cpp">
      <Filter>Source Files\gpu</Filter>
    </ClCompile>
    <ClCompile Include="D:\Michael\Documents\UNI\TU Wien\8.Semester\UE Visual Analysis of Human Motion\openpose\src\openpose\gui\defineTemplates.cpp">
      <Filter>Source Files\gui</Filter>
    </ClCompile>
    <ClCompile Include="D:\Michael\Documents\UNI\TU Wien\8.Semester\UE Visual Analysis of Human Motion\openpose\src\openpose\gui\frameDisplayer.cpp">
      <Filter>Source Files\gui</Filter>
    </ClCompile>
    <ClCompile Include="D:\Michael\Documents\UNI\TU Wien\8.Semester\UE Visual Analysis of Human Motion\openpose\src\openpose\gui\gui.cpp">
      <Filter>Source Files\gui</Filter>
    </ClCompile>
    <ClCompile Include="D:\Michael\Documents\UNI\TU Wien\8.Semester\UE Visual Analysis of Human Motion\openpose\src\openpose\gui\gui3D.cpp">
      <Filter>Source Files\gui</Filter>
    </ClCompile>
    <ClCompile Include="D:\Michael\Documents\UNI\TU Wien\8.Semester\UE Visual Analysis of Human Motion\openpose\src\openpose\gui\guiInfoAdder.cpp">
      <Filter>Source Files\gui</Filter>
    </ClCompile>
    <ClCompile Include="D:\Michael\Documents\UNI\TU Wien\8.Semester\UE Visual Analysis of Human Motion\openpose\src\openpose\hand\defineTemplates.cpp">
      <Filter>Source Files\hand</Filter>
    </ClCompile>
    <ClCompile Include="D:\Michael\Documents\UNI\TU Wien\8.Semester\UE Visual Analysis of Human Motion\openpose\src\openpose\hand\handDetector.cpp">
      <Filter>Source Files\hand</Filter>
    </ClCompile>
    <ClCompile Include="D:\Michael\Documents\UNI\TU Wien\8.Semester\UE Visual Analysis of Human Motion\openpose\src\openpose\hand\handDetectorFromTxt.cpp">
      <Filter>Source Files\hand</Filter>
    </ClCompile>
    <ClCompile Include="D:\Michael\Documents\UNI\TU Wien\8.Semester\UE Visual Analysis of Human Motion\openpose\src\openpose\hand\handExtractorCaffe.cpp">
      <Filter>Source Files\hand</Filter>
    </ClCompile>
    <ClCompile Include="D:\Michael\Documents\UNI\TU Wien\8.Semester\UE Visual Analysis of Human Motion\openpose\src\openpose\hand\handExtractorNet.cpp">
      <Filter>Source Files\hand</Filter>
    </ClCompile>
    <ClCompile Include="D:\Michael\Documents\UNI\TU Wien\8.Semester\UE Visual Analysis of Human Motion\openpose\src\openpose\hand\handCpuRenderer.cpp">
      <Filter>Source Files\hand</Filter>
    </ClCompile>
    <ClCompile Include="D:\Michael\Documents\UNI\TU Wien\8.Semester\UE Visual Analysis of Human Motion\openpose\src\openpose\hand\handGpuRenderer.cpp">
      <Filter>Source Files\hand</Filter>
    </ClCompile>
    <ClCompile Include="D:\Michael\Documents\UNI\TU Wien\8.Semester\UE Visual Analysis of Human Motion\openpose\src\openpose\hand\handRenderer.cpp">
      <Filter>Source Files\hand</Filter>
    </ClCompile>
    <ClCompile Include="D:\Michael\Documents\UNI\TU Wien\8.Semester\UE Visual Analysis of Human Motion\openpose\src\openpose\hand\renderHand.cpp">
      <Filter>Source Files\hand</Filter>
    </ClCompile>
    <ClCompile Include="D:\Michael\Documents\UNI\TU Wien\8.Semester\UE Visual Analysis of Human Motion\openpose\src\openpose\net\maximumBase.cpp">
      <Filter>Source Files\net</Filter>
    </ClCompile>
    <ClCompile Include="D:\Michael\Documents\UNI\TU Wien\8.Semester\UE Visual Analysis of Human Motion\openpose\src\openpose\net\maximumCaffe.cpp">
      <Filter>Source Files\net</Filter>
    </ClCompile>
    <ClCompile Include="D:\Michael\Documents\UNI\TU Wien\8.Semester\UE Visual Analysis of Human Motion\openpose\src\openpose\net\netCaffe.cpp">
      <Filter>Source Files\net</Filter>
    </ClCompile>
    <ClCompile Include="D:\Michael\Documents\UNI\TU Wien\8.Semester\UE Visual Analysis of Human Motion\openpose\src\openpose\net\nmsBase.cpp">
      <Filter>Source Files\net</Filter>
    </ClCompile>
    <ClCompile Include="D:\Michael\Documents\UNI\TU Wien\8.Semester\UE Visual Analysis of Human Motion\openpose\src\openpose\net\nmsBaseCL.cpp">
      <Filter>Source Files\net</Filter>
    </ClCompile>
    <ClCompile Include="D:\Michael\Documents\UNI\TU Wien\8.Semester\UE Visual Analysis of Human Motion\openpose\src\openpose\net\nmsCaffe.cpp">
      <Filter>Source Files\net</Filter>
    </ClCompile>
    <ClCompile Include="D:\Michael\Documents\UNI\TU Wien\8.Semester\UE Visual Analysis of Human Motion\openpose\src\openpose\net\resizeAndMergeBase.cpp">
      <Filter>Source Files\net</Filter>
    </ClCompile>
    <ClCompile Include="D:\Michael\Documents\UNI\TU Wien\8.Semester\UE Visual Analysis of Human Motion\openpose\src\openpose\net\resizeAndMergeBaseCL.cpp">
      <Filter>Source Files\net</Filter>
    </ClCompile>
    <ClCompile Include="D:\Michael\Documents\UNI\TU Wien\8.Semester\UE Visual Analysis of Human Motion\openpose\src\openpose\net\resizeAndMergeCaffe.cpp">
      <Filter>Source Files\net</Filter>
    </ClCompile>
    <ClCompile Include="D:\Michael\Documents\UNI\TU Wien\8.Semester\UE Visual Analysis of Human Motion\openpose\src\openpose\pose\bodyPartConnectorBase.cpp">
      <Filter>Source Files\pose</Filter>
    </ClCompile>
    <ClCompile Include="D:\Michael\Documents\UNI\TU Wien\8.Semester\UE Visual Analysis of Human Motion\openpose\src\openpose\pose\bodyPartConnectorCaffe.cpp">
      <Filter>Source Files\pose</Filter>
    </ClCompile>
    <ClCompile Include="D:\Michael\Documents\UNI\TU Wien\8.Semester\UE Visual Analysis of Human Motion\openpose\src\openpose\pose\defineTemplates.cpp">
      <Filter>Source Files\pose</Filter>
    </ClCompile>
    <ClCompile Include="D:\Michael\Documents\UNI\TU Wien\8.Semester\UE Visual Analysis of Human Motion\openpose\src\openpose\pose\poseCpuRenderer.cpp">
      <Filter>Source Files\pose</Filter>
    </ClCompile>
    <ClCompile Include="D:\Michael\Documents\UNI\TU Wien\8.Semester\UE Visual Analysis of Human Motion\openpose\src\openpose\pose\poseExtractor.cpp">
      <Filter>Source Files\pose</Filter>
    </ClCompile>
    <ClCompile Include="D:\Michael\Documents\UNI\TU Wien\8.Semester\UE Visual Analysis of Human Motion\openpose\src\openpose\pose\poseExtractorCaffe.cpp">
      <Filter>Source Files\pose</Filter>
    </ClCompile>
    <ClCompile Include="D:\Michael\Documents\UNI\TU Wien\8.Semester\UE Visual Analysis of Human Motion\openpose\src\openpose\pose\poseExtractorNet.cpp">
      <Filter>Source Files\pose</Filter>
    </ClCompile>
    <ClCompile Include="D:\Michael\Documents\UNI\TU Wien\8.Semester\UE Visual Analysis of Human Motion\openpose\src\openpose\pose\poseGpuRenderer.cpp">
      <Filter>Source Files\pose</Filter>
    </ClCompile>
    <ClCompile Include="D:\Michael\Documents\UNI\TU Wien\8.Semester\UE Visual Analysis of Human Motion\openpose\src\openpose\pose\poseParameters.cpp">
      <Filter>Source Files\pose</Filter>
    </ClCompile>
    <ClCompile Include="D:\Michael\Documents\UNI\TU Wien\8.Semester\UE Visual Analysis of Human Motion\openpose\src\openpose\pose\poseParametersRender.cpp">
      <Filter>Source Files\pose</Filter>
    </ClCompile>
    <ClCompile Include="D:\Michael\Documents\UNI\TU Wien\8.Semester\UE Visual Analysis of Human Motion\openpose\src\openpose\pose\poseRenderer.cpp">
      <Filter>Source Files\pose</Filter>
    </ClCompile>
    <ClCompile Include="D:\Michael\Documents\UNI\TU Wien\8.Semester\UE Visual Analysis of Human Motion\openpose\src\openpose\pose\renderPose.cpp">
      <Filter>Source Files\pose</Filter>
    </ClCompile>
    <ClCompile Include="D:\Michael\Documents\UNI\TU Wien\8.Semester\UE Visual Analysis of Human Motion\openpose\src\openpose\producer\defineTemplates.cpp">
      <Filter>Source Files\producer</Filter>
    </ClCompile>
    <ClCompile Include="D:\Michael\Documents\UNI\TU Wien\8.Semester\UE Visual Analysis of Human Motion\openpose\src\openpose\producer\flirReader.cpp">
      <Filter>Source Files\producer</Filter>
    </ClCompile>
    <ClCompile Include="D:\Michael\Documents\UNI\TU Wien\8.Semester\UE Visual Analysis of Human Motion\openpose\src\openpose\producer\imageDirectoryReader.cpp">
      <Filter>Source Files\producer</Filter>
    </ClCompile>
    <ClCompile Include="D:\Michael\Documents\UNI\TU Wien\8.Semester\UE Visual Analysis of Human Motion\openpose\src\openpose\producer\ipCameraReader.cpp">
      <Filter>Source Files\producer</Filter>
    </ClCompile>
    <ClCompile Include="D:\Michael\Documents\UNI\TU Wien\8.Semester\UE Visual Analysis of Human Motion\openpose\src\openpose\producer\producer.cpp">
      <Filter>Source Files\producer</Filter>
    </ClCompile>
    <ClCompile Include="D:\Michael\Documents\UNI\TU Wien\8.Semester\UE Visual Analysis of Human Motion\openpose\src\openpose\producer\spinnakerWrapper.cpp">
      <Filter>Source Files\producer</Filter>
    </ClCompile>
    <ClCompile Include="D:\Michael\Documents\UNI\TU Wien\8.Semester\UE Visual Analysis of Human Motion\openpose\src\openpose\producer\videoCaptureReader.cpp">
      <Filter>Source Files\producer</Filter>
    </ClCompile>
    <ClCompile Include="D:\Michael\Documents\UNI\TU Wien\8.Semester\UE Visual Analysis of Human Motion\openpose\src\openpose\producer\videoReader.cpp">
      <Filter>Source Files\producer</Filter>
    </ClCompile>
    <ClCompile Include="D:\Michael\Documents\UNI\TU Wien\8.Semester\UE Visual Analysis of Human Motion\openpose\src\openpose\producer\webcamReader.cpp">
      <Filter>Source Files\producer</Filter>
    </ClCompile>
    <ClCompile Include="D:\Michael\Documents\UNI\TU Wien\8.Semester\UE Visual Analysis of Human Motion\openpose\src\openpose\thread\defineTemplates.cpp">
      <Filter>Source Files\thread</Filter>
    </ClCompile>
    <ClCompile Include="D:\Michael\Documents\UNI\TU Wien\8.Semester\UE Visual Analysis of Human Motion\openpose\src\openpose\utilities\errorAndLog.cpp">
      <Filter>Source Files\utilities</Filter>
    </ClCompile>
    <ClCompile Include="D:\Michael\Documents\UNI\TU Wien\8.Semester\UE Visual Analysis of Human Motion\openpose\src\openpose\utilities\fileSystem.cpp">
      <Filter>Source Files\utilities</Filter>
    </ClCompile>
    <ClCompile Include="D:\Michael\Documents\UNI\TU Wien\8.Semester\UE Visual Analysis of Human Motion\openpose\src\openpose\utilities\flagsToOpenPose.cpp">
      <Filter>Source Files\utilities</Filter>
    </ClCompile>
    <ClCompile Include="D:\Michael\Documents\UNI\TU Wien\8.Semester\UE Visual Analysis of Human Motion\openpose\src\openpose\utilities\keypoint.cpp">
      <Filter>Source Files\utilities</Filter>
    </ClCompile>
    <ClCompile Include="D:\Michael\Documents\UNI\TU Wien\8.Semester\UE Visual Analysis of Human Motion\openpose\src\openpose\utilities\openCv.cpp">
      <Filter>Source Files\utilities</Filter>
    </ClCompile>
    <ClCompile Include="D:\Michael\Documents\UNI\TU Wien\8.Semester\UE Visual Analysis of Human Motion\openpose\src\openpose\utilities\profiler.cpp">
      <Filter>Source Files\utilities</Filter>
    </ClCompile>
    <ClCompile Include="D:\Michael\Documents\UNI\TU Wien\8.Semester\UE Visual Analysis of Human Motion\openpose\src\openpose\utilities\string.cpp">
      <Filter>Source Files\utilities</Filter>
    </ClCompile>
    <ClCompile Include="D:\Michael\Documents\UNI\TU Wien\8.Semester\UE Visual Analysis of Human Motion\openpose\src\openpose\wrapper\defineTemplates.cpp">
      <Filter>Source Files\wrapper</Filter>
    </ClCompile>
    <ClCompile Include="D:\Michael\Documents\UNI\TU Wien\8.Semester\UE Visual Analysis of Human Motion\openpose\src\openpose\wrapper\wrapperAuxiliary.cpp">
      <Filter>Source Files\wrapper</Filter>
    </ClCompile>
    <ClCompile Include="D:\Michael\Documents\UNI\TU Wien\8.Semester\UE Visual Analysis of Human Motion\openpose\src\openpose\wrapper\wrapperStructFace.cpp">
      <Filter>Source Files\wrapper</Filter>
    </ClCompile>
    <ClCompile Include="D:\Michael\Documents\UNI\TU Wien\8.Semester\UE Visual Analysis of Human Motion\openpose\src\openpose\wrapper\wrapperStructHand.cpp">
      <Filter>Source Files\wrapper</Filter>
    </ClCompile>
    <ClCompile Include="D:\Michael\Documents\UNI\TU Wien\8.Semester\UE Visual Analysis of Human Motion\openpose\src\openpose\wrapper\wrapperStructInput.cpp">
      <Filter>Source Files\wrapper</Filter>
    </ClCompile>
    <ClCompile Include="D:\Michael\Documents\UNI\TU Wien\8.Semester\UE Visual Analysis of Human Motion\openpose\src\openpose\wrapper\wrapperStructOutput.cpp">
      <Filter>Source Files\wrapper</Filter>
    </ClCompile>
    <ClCompile Include="D:\Michael\Documents\UNI\TU Wien\8.Semester\UE Visual Analysis of Human Motion\openpose\src\openpose\wrapper\wrapperStructPose.cpp">
      <Filter>Source Files\wrapper</Filter>
    </ClCompile>
  </ItemGroup>
  <ItemGroup>
    <ClInclude Include="D:\Michael\Documents\UNI\TU Wien\8.Semester\UE Visual Analysis of Human Motion\openpose\include\openpose\3d\cameraParameterReader.hpp">
      <Filter>Header Files\3d</Filter>
    </ClInclude>
    <ClInclude Include="D:\Michael\Documents\UNI\TU Wien\8.Semester\UE Visual Analysis of Human Motion\openpose\include\openpose\3d\headers.hpp">
      <Filter>Header Files\3d</Filter>
    </ClInclude>
    <ClInclude Include="D:\Michael\Documents\UNI\TU Wien\8.Semester\UE Visual Analysis of Human Motion\openpose\include\openpose\3d\poseTriangulation.hpp">
      <Filter>Header Files\3d</Filter>
    </ClInclude>
    <ClInclude Include="D:\Michael\Documents\UNI\TU Wien\8.Semester\UE Visual Analysis of Human Motion\openpose\include\openpose\3d\wPoseTriangulation.hpp">
      <Filter>Header Files\3d</Filter>
    </ClInclude>
    <ClInclude Include="D:\Michael\Documents\UNI\TU Wien\8.Semester\UE Visual Analysis of Human Motion\openpose\include\openpose\core\array.hpp">
      <Filter>Header Files\core</Filter>
    </ClInclude>
    <ClInclude Include="D:\Michael\Documents\UNI\TU Wien\8.Semester\UE Visual Analysis of Human Motion\openpose\include\openpose\core\common.hpp">
      <Filter>Header Files\core</Filter>
    </ClInclude>
    <ClInclude Include="D:\Michael\Documents\UNI\TU Wien\8.Semester\UE Visual Analysis of Human Motion\openpose\include\openpose\core\cvMatToOpInput.hpp">
      <Filter>Header Files\core</Filter>
    </ClInclude>
    <ClInclude Include="D:\Michael\Documents\UNI\TU Wien\8.Semester\UE Visual Analysis of Human Motion\openpose\include\openpose\core\cvMatToOpOutput.hpp">
      <Filter>Header Files\core</Filter>
    </ClInclude>
    <ClInclude Include="D:\Michael\Documents\UNI\TU Wien\8.Semester\UE Visual Analysis of Human Motion\openpose\include\openpose\core\datum.hpp">
      <Filter>Header Files\core</Filter>
    </ClInclude>
    <ClInclude Include="D:\Michael\Documents\UNI\TU Wien\8.Semester\UE Visual Analysis of Human Motion\openpose\include\openpose\core\enumClasses.hpp">
      <Filter>Header Files\core</Filter>
    </ClInclude>
    <ClInclude Include="D:\Michael\Documents\UNI\TU Wien\8.Semester\UE Visual Analysis of Human Motion\openpose\include\openpose\core\gpuRenderer.hpp">
      <Filter>Header Files\core</Filter>
    </ClInclude>
    <ClInclude Include="D:\Michael\Documents\UNI\TU Wien\8.Semester\UE Visual Analysis of Human Motion\openpose\include\openpose\core\headers.hpp">
      <Filter>Header Files\core</Filter>
    </ClInclude>
    <ClInclude Include="D:\Michael\Documents\UNI\TU Wien\8.Semester\UE Visual Analysis of Human Motion\openpose\include\openpose\core\keepTopNPeople.hpp">
      <Filter>Header Files\core</Filter>
    </ClInclude>
    <ClInclude Include="D:\Michael\Documents\UNI\TU Wien\8.Semester\UE Visual Analysis of Human Motion\openpose\include\openpose\core\keypointScaler.hpp">
      <Filter>Header Files\core</Filter>
    </ClInclude>
    <ClInclude Include="D:\Michael\Documents\UNI\TU Wien\8.Semester\UE Visual Analysis of Human Motion\openpose\include\openpose\core\macros.hpp">
      <Filter>Header Files\core</Filter>
    </ClInclude>
    <ClInclude Include="D:\Michael\Documents\UNI\TU Wien\8.Semester\UE Visual Analysis of Human Motion\openpose\include\openpose\core\opOutputToCvMat.hpp">
      <Filter>Header Files\core</Filter>
    </ClInclude>
    <ClInclude Include="D:\Michael\Documents\UNI\TU Wien\8.Semester\UE Visual Analysis of Human Motion\openpose\include\openpose\core\point.hpp">
      <Filter>Header Files\core</Filter>
    </ClInclude>
    <ClInclude Include="D:\Michael\Documents\UNI\TU Wien\8.Semester\UE Visual Analysis of Human Motion\openpose\include\openpose\core\rectangle.hpp">
      <Filter>Header Files\core</Filter>
    </ClInclude>
    <ClInclude Include="D:\Michael\Documents\UNI\TU Wien\8.Semester\UE Visual Analysis of Human Motion\openpose\include\openpose\core\renderer.hpp">
      <Filter>Header Files\core</Filter>
    </ClInclude>
    <ClInclude Include="D:\Michael\Documents\UNI\TU Wien\8.Semester\UE Visual Analysis of Human Motion\openpose\include\openpose\core\scaleAndSizeExtractor.hpp">
      <Filter>Header Files\core</Filter>
    </ClInclude>
    <ClInclude Include="D:\Michael\Documents\UNI\TU Wien\8.Semester\UE Visual Analysis of Human Motion\openpose\include\openpose\core\wCvMatToOpInput.hpp">
      <Filter>Header Files\core</Filter>
    </ClInclude>
    <ClInclude Include="D:\Michael\Documents\UNI\TU Wien\8.Semester\UE Visual Analysis of Human Motion\openpose\include\openpose\core\wCvMatToOpOutput.hpp">
      <Filter>Header Files\core</Filter>
    </ClInclude>
    <ClInclude Include="D:\Michael\Documents\UNI\TU Wien\8.Semester\UE Visual Analysis of Human Motion\openpose\include\openpose\core\wKeepTopNPeople.hpp">
      <Filter>Header Files\core</Filter>
    </ClInclude>
    <ClInclude Include="D:\Michael\Documents\UNI\TU Wien\8.Semester\UE Visual Analysis of Human Motion\openpose\include\openpose\core\wKeypointScaler.hpp">
      <Filter>Header Files\core</Filter>
    </ClInclude>
    <ClInclude Include="D:\Michael\Documents\UNI\TU Wien\8.Semester\UE Visual Analysis of Human Motion\openpose\include\openpose\core\wOpOutputToCvMat.hpp">
      <Filter>Header Files\core</Filter>
    </ClInclude>
    <ClInclude Include="D:\Michael\Documents\UNI\TU Wien\8.Semester\UE Visual Analysis of Human Motion\openpose\include\openpose\core\wScaleAndSizeExtractor.hpp">
      <Filter>Header Files\core</Filter>
    </ClInclude>
    <ClInclude Include="D:\Michael\Documents\UNI\TU Wien\8.Semester\UE Visual Analysis of Human Motion\openpose\include\openpose\face\faceCpuRenderer.hpp">
      <Filter>Header Files\face</Filter>
    </ClInclude>
    <ClInclude Include="D:\Michael\Documents\UNI\TU Wien\8.Semester\UE Visual Analysis of Human Motion\openpose\include\openpose\face\faceDetector.hpp">
      <Filter>Header Files\face</Filter>
    </ClInclude>
    <ClInclude Include="D:\Michael\Documents\UNI\TU Wien\8.Semester\UE Visual Analysis of Human Motion\openpose\include\openpose\face\faceDetectorOpenCV.hpp">
      <Filter>Header Files\face</Filter>
    </ClInclude>
    <ClInclude Include="D:\Michael\Documents\UNI\TU Wien\8.Semester\UE Visual Analysis of Human Motion\openpose\include\openpose\face\faceExtractorCaffe.hpp">
      <Filter>Header Files\face</Filter>
    </ClInclude>
    <ClInclude Include="D:\Michael\Documents\UNI\TU Wien\8.Semester\UE Visual Analysis of Human Motion\openpose\include\openpose\face\faceExtractorNet.hpp">
      <Filter>Header Files\face</Filter>
    </ClInclude>
    <ClInclude Include="D:\Michael\Documents\UNI\TU Wien\8.Semester\UE Visual Analysis of Human Motion\openpose\include\openpose\face\faceGpuRenderer.hpp">
      <Filter>Header Files\face</Filter>
    </ClInclude>
    <ClInclude Include="D:\Michael\Documents\UNI\TU Wien\8.Semester\UE Visual Analysis of Human Motion\openpose\include\openpose\face\faceParameters.hpp">
      <Filter>Header Files\face</Filter>
    </ClInclude>
    <ClInclude Include="D:\Michael\Documents\UNI\TU Wien\8.Semester\UE Visual Analysis of Human Motion\openpose\include\openpose\face\faceRenderer.hpp">
      <Filter>Header Files\face</Filter>
    </ClInclude>
    <ClInclude Include="D:\Michael\Documents\UNI\TU Wien\8.Semester\UE Visual Analysis of Human Motion\openpose\include\openpose\face\headers.hpp">
      <Filter>Header Files\face</Filter>
    </ClInclude>
    <ClInclude Include="D:\Michael\Documents\UNI\TU Wien\8.Semester\UE Visual Analysis of Human Motion\openpose\include\openpose\face\renderFace.hpp">
      <Filter>Header Files\face</Filter>
    </ClInclude>
    <ClInclude Include="D:\Michael\Documents\UNI\TU Wien\8.Semester\UE Visual Analysis of Human Motion\openpose\include\openpose\face\wFaceDetector.hpp">
      <Filter>Header Files\face</Filter>
    </ClInclude>
    <ClInclude Include="D:\Michael\Documents\UNI\TU Wien\8.Semester\UE Visual Analysis of Human Motion\openpose\include\openpose\face\wFaceDetectorOpenCV.hpp">
      <Filter>Header Files\face</Filter>
    </ClInclude>
    <ClInclude Include="D:\Michael\Documents\UNI\TU Wien\8.Semester\UE Visual Analysis of Human Motion\openpose\include\openpose\face\wFaceExtractorNet.hpp">
      <Filter>Header Files\face</Filter>
    </ClInclude>
    <ClInclude Include="D:\Michael\Documents\UNI\TU Wien\8.Semester\UE Visual Analysis of Human Motion\openpose\include\openpose\face\wFaceRenderer.hpp">
      <Filter>Header Files\face</Filter>
    </ClInclude>
    <ClInclude Include="D:\Michael\Documents\UNI\TU Wien\8.Semester\UE Visual Analysis of Human Motion\openpose\include\openpose\filestream\cocoJsonSaver.hpp">
      <Filter>Header Files\filestream</Filter>
    </ClInclude>
    <ClInclude Include="D:\Michael\Documents\UNI\TU Wien\8.Semester\UE Visual Analysis of Human Motion\openpose\include\openpose\filestream\enumClasses.hpp">
      <Filter>Header Files\filestream</Filter>
    </ClInclude>
    <ClInclude Include="D:\Michael\Documents\UNI\TU Wien\8.Semester\UE Visual Analysis of Human Motion\openpose\include\openpose\filestream\fileSaver.hpp">
      <Filter>Header Files\filestream</Filter>
    </ClInclude>
    <ClInclude Include="D:\Michael\Documents\UNI\TU Wien\8.Semester\UE Visual Analysis of Human Motion\openpose\include\openpose\filestream\fileStream.hpp">
      <Filter>Header Files\filestream</Filter>
    </ClInclude>
    <ClInclude Include="D:\Michael\Documents\UNI\TU Wien\8.Semester\UE Visual Analysis of Human Motion\openpose\include\openpose\filestream\headers.hpp">
      <Filter>Header Files\filestream</Filter>
    </ClInclude>
    <ClInclude Include="D:\Michael\Documents\UNI\TU Wien\8.Semester\UE Visual Analysis of Human Motion\openpose\include\openpose\filestream\heatMapSaver.hpp">
      <Filter>Header Files\filestream</Filter>
    </ClInclude>
    <ClInclude Include="D:\Michael\Documents\UNI\TU Wien\8.Semester\UE Visual Analysis of Human Motion\openpose\include\openpose\filestream\imageSaver.hpp">
      <Filter>Header Files\filestream</Filter>
    </ClInclude>
    <ClInclude Include="D:\Michael\Documents\UNI\TU Wien\8.Semester\UE Visual Analysis of Human Motion\openpose\include\openpose\filestream\jsonOfstream.hpp">
      <Filter>Header Files\filestream</Filter>
    </ClInclude>
    <ClInclude Include="D:\Michael\Documents\UNI\TU Wien\8.Semester\UE Visual Analysis of Human Motion\openpose\include\openpose\filestream\keypointSaver.hpp">
      <Filter>Header Files\filestream</Filter>
    </ClInclude>
    <ClInclude Include="D:\Michael\Documents\UNI\TU Wien\8.Semester\UE Visual Analysis of Human Motion\openpose\include\openpose\filestream\peopleJsonSaver.hpp">
      <Filter>Header Files\filestream</Filter>
    </ClInclude>
    <ClInclude Include="D:\Michael\Documents\UNI\TU Wien\8.Semester\UE Visual Analysis of Human Motion\openpose\include\openpose\filestream\videoSaver.hpp">
      <Filter>Header Files\filestream</Filter>
    </ClInclude>
    <ClInclude Include="D:\Michael\Documents\UNI\TU Wien\8.Semester\UE Visual Analysis of Human Motion\openpose\include\openpose\filestream\wCocoJsonSaver.hpp">
      <Filter>Header Files\filestream</Filter>
    </ClInclude>
    <ClInclude Include="D:\Michael\Documents\UNI\TU Wien\8.Semester\UE Visual Analysis of Human Motion\openpose\include\openpose\filestream\wFaceSaver.hpp">
      <Filter>Header Files\filestream</Filter>
    </ClInclude>
    <ClInclude Include="D:\Michael\Documents\UNI\TU Wien\8.Semester\UE Visual Analysis of Human Motion\openpose\include\openpose\filestream\wHandSaver.hpp">
      <Filter>Header Files\filestream</Filter>
    </ClInclude>
    <ClInclude Include="D:\Michael\Documents\UNI\TU Wien\8.Semester\UE Visual Analysis of Human Motion\openpose\include\openpose\filestream\wHeatMapSaver.hpp">
      <Filter>Header Files\filestream</Filter>
    </ClInclude>
    <ClInclude Include="D:\Michael\Documents\UNI\TU Wien\8.Semester\UE Visual Analysis of Human Motion\openpose\include\openpose\filestream\wImageSaver.hpp">
      <Filter>Header Files\filestream</Filter>
    </ClInclude>
    <ClInclude Include="D:\Michael\Documents\UNI\TU Wien\8.Semester\UE Visual Analysis of Human Motion\openpose\include\openpose\filestream\wPeopleJsonSaver.hpp">
      <Filter>Header Files\filestream</Filter>
    </ClInclude>
    <ClInclude Include="D:\Michael\Documents\UNI\TU Wien\8.Semester\UE Visual Analysis of Human Motion\openpose\include\openpose\filestream\wPoseSaver.hpp">
      <Filter>Header Files\filestream</Filter>
    </ClInclude>
    <ClInclude Include="D:\Michael\Documents\UNI\TU Wien\8.Semester\UE Visual Analysis of Human Motion\openpose\include\openpose\filestream\wVideoSaver.hpp">
      <Filter>Header Files\filestream</Filter>
    </ClInclude>
    <ClInclude Include="D:\Michael\Documents\UNI\TU Wien\8.Semester\UE Visual Analysis of Human Motion\openpose\include\openpose\gpu\cl2.hpp">
      <Filter>Header Files\gpu</Filter>
    </ClInclude>
    <ClInclude Include="D:\Michael\Documents\UNI\TU Wien\8.Semester\UE Visual Analysis of Human Motion\openpose\include\openpose\gpu\cuda.hpp">
      <Filter>Header Files\gpu</Filter>
    </ClInclude>
    <ClInclude Include="D:\Michael\Documents\UNI\TU Wien\8.Semester\UE Visual Analysis of Human Motion\openpose\include\openpose\gpu\enumClasses.hpp">
      <Filter>Header Files\gpu</Filter>
    </ClInclude>
    <ClInclude Include="D:\Michael\Documents\UNI\TU Wien\8.Semester\UE Visual Analysis of Human Motion\openpose\include\openpose\gpu\gpu.hpp">
      <Filter>Header Files\gpu</Filter>
    </ClInclude>
    <ClInclude Include="D:\Michael\Documents\UNI\TU Wien\8.Semester\UE Visual Analysis of Human Motion\openpose\include\openpose\gpu\headers.hpp">
      <Filter>Header Files\gpu</Filter>
    </ClInclude>
    <ClInclude Include="D:\Michael\Documents\UNI\TU Wien\8.Semester\UE Visual Analysis of Human Motion\openpose\include\openpose\gui\enumClasses.hpp">
      <Filter>Header Files\gui</Filter>
    </ClInclude>
    <ClInclude Include="D:\Michael\Documents\UNI\TU Wien\8.Semester\UE Visual Analysis of Human Motion\openpose\include\openpose\gui\frameDisplayer.hpp">
      <Filter>Header Files\gui</Filter>
    </ClInclude>
    <ClInclude Include="D:\Michael\Documents\UNI\TU Wien\8.Semester\UE Visual Analysis of Human Motion\openpose\include\openpose\gui\gui.hpp">
      <Filter>Header Files\gui</Filter>
    </ClInclude>
    <ClInclude Include="D:\Michael\Documents\UNI\TU Wien\8.Semester\UE Visual Analysis of Human Motion\openpose\include\openpose\gui\gui3D.hpp">
      <Filter>Header Files\gui</Filter>
    </ClInclude>
    <ClInclude Include="D:\Michael\Documents\UNI\TU Wien\8.Semester\UE Visual Analysis of Human Motion\openpose\include\openpose\gui\guiInfoAdder.hpp">
      <Filter>Header Files\gui</Filter>
    </ClInclude>
    <ClInclude Include="D:\Michael\Documents\UNI\TU Wien\8.Semester\UE Visual Analysis of Human Motion\openpose\include\openpose\gui\headers.hpp">
      <Filter>Header Files\gui</Filter>
    </ClInclude>
    <ClInclude Include="D:\Michael\Documents\UNI\TU Wien\8.Semester\UE Visual Analysis of Human Motion\openpose\include\openpose\gui\wGui.hpp">
      <Filter>Header Files\gui</Filter>
    </ClInclude>
    <ClInclude Include="D:\Michael\Documents\UNI\TU Wien\8.Semester\UE Visual Analysis of Human Motion\openpose\include\openpose\gui\wGui3D.hpp">
      <Filter>Header Files\gui</Filter>
    </ClInclude>
    <ClInclude Include="D:\Michael\Documents\UNI\TU Wien\8.Semester\UE Visual Analysis of Human Motion\openpose\include\openpose\gui\wGuiInfoAdder.hpp">
      <Filter>Header Files\gui</Filter>
    </ClInclude>
    <ClInclude Include="D:\Michael\Documents\UNI\TU Wien\8.Semester\UE Visual Analysis of Human Motion\openpose\include\openpose\hand\handCpuRenderer.hpp">
      <Filter>Header Files\hand</Filter>
    </ClInclude>
    <ClInclude Include="D:\Michael\Documents\UNI\TU Wien\8.Semester\UE Visual Analysis of Human Motion\openpose\include\openpose\hand\handDetector.hpp">
      <Filter>Header Files\hand</Filter>
    </ClInclude>
    <ClInclude Include="D:\Michael\Documents\UNI\TU Wien\8.Semester\UE Visual Analysis of Human Motion\openpose\include\openpose\hand\handDetectorFromTxt.hpp">
      <Filter>Header Files\hand</Filter>
    </ClInclude>
    <ClInclude Include="D:\Michael\Documents\UNI\TU Wien\8.Semester\UE Visual Analysis of Human Motion\openpose\include\openpose\hand\handExtractorCaffe.hpp">
      <Filter>Header Files\hand</Filter>
    </ClInclude>
    <ClInclude Include="D:\Michael\Documents\UNI\TU Wien\8.Semester\UE Visual Analysis of Human Motion\openpose\include\openpose\hand\handExtractorNet.hpp">
      <Filter>Header Files\hand</Filter>
    </ClInclude>
    <ClInclude Include="D:\Michael\Documents\UNI\TU Wien\8.Semester\UE Visual Analysis of Human Motion\openpose\include\openpose\hand\handGpuRenderer.hpp">
      <Filter>Header Files\hand</Filter>
    </ClInclude>
    <ClInclude Include="D:\Michael\Documents\UNI\TU Wien\8.Semester\UE Visual Analysis of Human Motion\openpose\include\openpose\hand\handParameters.hpp">
      <Filter>Header Files\hand</Filter>
    </ClInclude>
    <ClInclude Include="D:\Michael\Documents\UNI\TU Wien\8.Semester\UE Visual Analysis of Human Motion\openpose\include\openpose\hand\handRenderer.hpp">
      <Filter>Header Files\hand</Filter>
    </ClInclude>
    <ClInclude Include="D:\Michael\Documents\UNI\TU Wien\8.Semester\UE Visual Analysis of Human Motion\openpose\include\openpose\hand\headers.hpp">
      <Filter>Header Files\hand</Filter>
    </ClInclude>
    <ClInclude Include="D:\Michael\Documents\UNI\TU Wien\8.Semester\UE Visual Analysis of Human Motion\openpose\include\openpose\hand\renderHand.hpp">
      <Filter>Header Files\hand</Filter>
    </ClInclude>
    <ClInclude Include="D:\Michael\Documents\UNI\TU Wien\8.Semester\UE Visual Analysis of Human Motion\openpose\include\openpose\hand\wHandDetector.hpp">
      <Filter>Header Files\hand</Filter>
    </ClInclude>
    <ClInclude Include="D:\Michael\Documents\UNI\TU Wien\8.Semester\UE Visual Analysis of Human Motion\openpose\include\openpose\hand\wHandDetectorFromTxt.hpp">
      <Filter>Header Files\hand</Filter>
    </ClInclude>
    <ClInclude Include="D:\Michael\Documents\UNI\TU Wien\8.Semester\UE Visual Analysis of Human Motion\openpose\include\openpose\hand\wHandDetectorTracking.hpp">
      <Filter>Header Files\hand</Filter>
    </ClInclude>
    <ClInclude Include="D:\Michael\Documents\UNI\TU Wien\8.Semester\UE Visual Analysis of Human Motion\openpose\include\openpose\hand\wHandDetectorUpdate.hpp">
      <Filter>Header Files\hand</Filter>
    </ClInclude>
    <ClInclude Include="D:\Michael\Documents\UNI\TU Wien\8.Semester\UE Visual Analysis of Human Motion\openpose\include\openpose\hand\wHandExtractorNet.hpp">
      <Filter>Header Files\hand</Filter>
    </ClInclude>
    <ClInclude Include="D:\Michael\Documents\UNI\TU Wien\8.Semester\UE Visual Analysis of Human Motion\openpose\include\openpose\hand\wHandRenderer.hpp">
      <Filter>Header Files\hand</Filter>
    </ClInclude>
    <ClInclude Include="D:\Michael\Documents\UNI\TU Wien\8.Semester\UE Visual Analysis of Human Motion\openpose\include\openpose\headers.hpp">
      <Filter>Header Files</Filter>
    </ClInclude>
    <ClInclude Include="D:\Michael\Documents\UNI\TU Wien\8.Semester\UE Visual Analysis of Human Motion\openpose\include\openpose\net\headers.hpp">
      <Filter>Header Files\net</Filter>
    </ClInclude>
    <ClInclude Include="D:\Michael\Documents\UNI\TU Wien\8.Semester\UE Visual Analysis of Human Motion\openpose\include\openpose\net\maximumBase.hpp">
      <Filter>Header Files\net</Filter>
    </ClInclude>
    <ClInclude Include="D:\Michael\Documents\UNI\TU Wien\8.Semester\UE Visual Analysis of Human Motion\openpose\include\openpose\net\maximumCaffe.hpp">
      <Filter>Header Files\net</Filter>
    </ClInclude>
    <ClInclude Include="D:\Michael\Documents\UNI\TU Wien\8.Semester\UE Visual Analysis of Human Motion\openpose\include\openpose\net\net.hpp">
      <Filter>Header Files\net</Filter>
    </ClInclude>
    <ClInclude Include="D:\Michael\Documents\UNI\TU Wien\8.Semester\UE Visual Analysis of Human Motion\openpose\include\openpose\net\netCaffe.hpp">
      <Filter>Header Files\net</Filter>
    </ClInclude>
    <ClInclude Include="D:\Michael\Documents\UNI\TU Wien\8.Semester\UE Visual Analysis of Human Motion\openpose\include\openpose\net\nmsBase.hpp">
      <Filter>Header Files\net</Filter>
    </ClInclude>
    <ClInclude Include="D:\Michael\Documents\UNI\TU Wien\8.Semester\UE Visual Analysis of Human Motion\openpose\include\openpose\net\nmsCaffe.hpp">
      <Filter>Header Files\net</Filter>
    </ClInclude>
    <ClInclude Include="D:\Michael\Documents\UNI\TU Wien\8.Semester\UE Visual Analysis of Human Motion\openpose\include\openpose\net\resizeAndMergeBase.hpp">
      <Filter>Header Files\net</Filter>
    </ClInclude>
    <ClInclude Include="D:\Michael\Documents\UNI\TU Wien\8.Semester\UE Visual Analysis of Human Motion\openpose\include\openpose\net\resizeAndMergeCaffe.hpp">
      <Filter>Header Files\net</Filter>
    </ClInclude>
    <ClInclude Include="D:\Michael\Documents\UNI\TU Wien\8.Semester\UE Visual Analysis of Human Motion\openpose\include\openpose\pose\bodyPartConnectorBase.hpp">
      <Filter>Header Files\pose</Filter>
    </ClInclude>
    <ClInclude Include="D:\Michael\Documents\UNI\TU Wien\8.Semester\UE Visual Analysis of Human Motion\openpose\include\openpose\pose\bodyPartConnectorCaffe.hpp">
      <Filter>Header Files\pose</Filter>
    </ClInclude>
    <ClInclude Include="D:\Michael\Documents\UNI\TU Wien\8.Semester\UE Visual Analysis of Human Motion\openpose\include\openpose\pose\enumClasses.hpp">
      <Filter>Header Files\pose</Filter>
    </ClInclude>
    <ClInclude Include="D:\Michael\Documents\UNI\TU Wien\8.Semester\UE Visual Analysis of Human Motion\openpose\include\openpose\pose\headers.hpp">
      <Filter>Header Files\pose</Filter>
    </ClInclude>
    <ClInclude Include="D:\Michael\Documents\UNI\TU Wien\8.Semester\UE Visual Analysis of Human Motion\openpose\include\openpose\pose\poseCpuRenderer.hpp">
      <Filter>Header Files\pose</Filter>
    </ClInclude>
    <ClInclude Include="D:\Michael\Documents\UNI\TU Wien\8.Semester\UE Visual Analysis of Human Motion\openpose\include\openpose\pose\poseExtractor.hpp">
      <Filter>Header Files\pose</Filter>
    </ClInclude>
    <ClInclude Include="D:\Michael\Documents\UNI\TU Wien\8.Semester\UE Visual Analysis of Human Motion\openpose\include\openpose\pose\poseExtractorCaffe.hpp">
      <Filter>Header Files\pose</Filter>
    </ClInclude>
    <ClInclude Include="D:\Michael\Documents\UNI\TU Wien\8.Semester\UE Visual Analysis of Human Motion\openpose\include\openpose\pose\poseExtractorNet.hpp">
      <Filter>Header Files\pose</Filter>
    </ClInclude>
    <ClInclude Include="D:\Michael\Documents\UNI\TU Wien\8.Semester\UE Visual Analysis of Human Motion\openpose\include\openpose\pose\poseGpuRenderer.hpp">
      <Filter>Header Files\pose</Filter>
    </ClInclude>
    <ClInclude Include="D:\Michael\Documents\UNI\TU Wien\8.Semester\UE Visual Analysis of Human Motion\openpose\include\openpose\pose\poseParameters.hpp">
      <Filter>Header Files\pose</Filter>
    </ClInclude>
    <ClInclude Include="D:\Michael\Documents\UNI\TU Wien\8.Semester\UE Visual Analysis of Human Motion\openpose\include\openpose\pose\poseParametersRender.hpp">
      <Filter>Header Files\pose</Filter>
    </ClInclude>
    <ClInclude Include="D:\Michael\Documents\UNI\TU Wien\8.Semester\UE Visual Analysis of Human Motion\openpose\include\openpose\pose\poseRenderer.hpp">
      <Filter>Header Files\pose</Filter>
    </ClInclude>
    <ClInclude Include="D:\Michael\Documents\UNI\TU Wien\8.Semester\UE Visual Analysis of Human Motion\openpose\include\openpose\pose\renderPose.hpp">
      <Filter>Header Files\pose</Filter>
    </ClInclude>
    <ClInclude Include="D:\Michael\Documents\UNI\TU Wien\8.Semester\UE Visual Analysis of Human Motion\openpose\include\openpose\pose\wPoseExtractor.hpp">
      <Filter>Header Files\pose</Filter>
    </ClInclude>
    <ClInclude Include="D:\Michael\Documents\UNI\TU Wien\8.Semester\UE Visual Analysis of Human Motion\openpose\include\openpose\pose\wPoseExtractorNet.hpp">
      <Filter>Header Files\pose</Filter>
    </ClInclude>
    <ClInclude Include="D:\Michael\Documents\UNI\TU Wien\8.Semester\UE Visual Analysis of Human Motion\openpose\include\openpose\pose\wPoseRenderer.hpp">
      <Filter>Header Files\pose</Filter>
    </ClInclude>
    <ClInclude Include="D:\Michael\Documents\UNI\TU Wien\8.Semester\UE Visual Analysis of Human Motion\openpose\include\openpose\producer\datumProducer.hpp">
      <Filter>Header Files\producer</Filter>
    </ClInclude>
    <ClInclude Include="D:\Michael\Documents\UNI\TU Wien\8.Semester\UE Visual Analysis of Human Motion\openpose\include\openpose\producer\enumClasses.hpp">
      <Filter>Header Files\producer</Filter>
    </ClInclude>
    <ClInclude Include="D:\Michael\Documents\UNI\TU Wien\8.Semester\UE Visual Analysis of Human Motion\openpose\include\openpose\producer\flirReader.hpp">
      <Filter>Header Files\producer</Filter>
    </ClInclude>
    <ClInclude Include="D:\Michael\Documents\UNI\TU Wien\8.Semester\UE Visual Analysis of Human Motion\openpose\include\openpose\producer\headers.hpp">
      <Filter>Header Files\producer</Filter>
    </ClInclude>
    <ClInclude Include="D:\Michael\Documents\UNI\TU Wien\8.Semester\UE Visual Analysis of Human Motion\openpose\include\openpose\producer\imageDirectoryReader.hpp">
      <Filter>Header Files\producer</Filter>
    </ClInclude>
    <ClInclude Include="D:\Michael\Documents\UNI\TU Wien\8.Semester\UE Visual Analysis of Human Motion\openpose\include\openpose\producer\ipCameraReader.hpp">
      <Filter>Header Files\producer</Filter>
    </ClInclude>
    <ClInclude Include="D:\Michael\Documents\UNI\TU Wien\8.Semester\UE Visual Analysis of Human Motion\openpose\include\openpose\producer\producer.hpp">
      <Filter>Header Files\producer</Filter>
    </ClInclude>
    <ClInclude Include="D:\Michael\Documents\UNI\TU Wien\8.Semester\UE Visual Analysis of Human Motion\openpose\include\openpose\producer\spinnakerWrapper.hpp">
      <Filter>Header Files\producer</Filter>
    </ClInclude>
    <ClInclude Include="D:\Michael\Documents\UNI\TU Wien\8.Semester\UE Visual Analysis of Human Motion\openpose\include\openpose\producer\videoCaptureReader.hpp">
      <Filter>Header Files\producer</Filter>
    </ClInclude>
    <ClInclude Include="D:\Michael\Documents\UNI\TU Wien\8.Semester\UE Visual Analysis of Human Motion\openpose\include\openpose\producer\videoReader.hpp">
      <Filter>Header Files\producer</Filter>
    </ClInclude>
    <ClInclude Include="D:\Michael\Documents\UNI\TU Wien\8.Semester\UE Visual Analysis of Human Motion\openpose\include\openpose\producer\wDatumProducer.hpp">
      <Filter>Header Files\producer</Filter>
    </ClInclude>
    <ClInclude Include="D:\Michael\Documents\UNI\TU Wien\8.Semester\UE Visual Analysis of Human Motion\openpose\include\openpose\producer\webcamReader.hpp">
      <Filter>Header Files\producer</Filter>
    </ClInclude>
    <ClInclude Include="D:\Michael\Documents\UNI\TU Wien\8.Semester\UE Visual Analysis of Human Motion\openpose\include\openpose\thread\enumClasses.hpp">
      <Filter>Header Files\thread</Filter>
    </ClInclude>
    <ClInclude Include="D:\Michael\Documents\UNI\TU Wien\8.Semester\UE Visual Analysis of Human Motion\openpose\include\openpose\thread\headers.hpp">
      <Filter>Header Files\thread</Filter>
    </ClInclude>
    <ClInclude Include="D:\Michael\Documents\UNI\TU Wien\8.Semester\UE Visual Analysis of Human Motion\openpose\include\openpose\thread\priorityQueue.hpp">
      <Filter>Header Files\thread</Filter>
    </ClInclude>
    <ClInclude Include="D:\Michael\Documents\UNI\TU Wien\8.Semester\UE Visual Analysis of Human Motion\openpose\include\openpose\thread\queue.hpp">
      <Filter>Header Files\thread</Filter>
    </ClInclude>
    <ClInclude Include="D:\Michael\Documents\UNI\TU Wien\8.Semester\UE Visual Analysis of Human Motion\openpose\include\openpose\thread\queueBase.hpp">
      <Filter>Header Files\thread</Filter>
    </ClInclude>
    <ClInclude Include="D:\Michael\Documents\UNI\TU Wien\8.Semester\UE Visual Analysis of Human Motion\openpose\include\openpose\thread\subThread.hpp">
      <Filter>Header Files\thread</Filter>
    </ClInclude>
    <ClInclude Include="D:\Michael\Documents\UNI\TU Wien\8.Semester\UE Visual Analysis of Human Motion\openpose\include\openpose\thread\subThreadNoQueue.hpp">
      <Filter>Header Files\thread</Filter>
    </ClInclude>
    <ClInclude Include="D:\Michael\Documents\UNI\TU Wien\8.Semester\UE Visual Analysis of Human Motion\openpose\include\openpose\thread\subThreadQueueIn.hpp">
      <Filter>Header Files\thread</Filter>
    </ClInclude>
    <ClInclude Include="D:\Michael\Documents\UNI\TU Wien\8.Semester\UE Visual Analysis of Human Motion\openpose\include\openpose\thread\subThreadQueueInOut.hpp">
      <Filter>Header Files\thread</Filter>
    </ClInclude>
    <ClInclude Include="D:\Michael\Documents\UNI\TU Wien\8.Semester\UE Visual Analysis of Human Motion\openpose\include\openpose\thread\subThreadQueueOut.hpp">
      <Filter>Header Files\thread</Filter>
    </ClInclude>
    <ClInclude Include="D:\Michael\Documents\UNI\TU Wien\8.Semester\UE Visual Analysis of Human Motion\openpose\include\openpose\thread\thread.hpp">
      <Filter>Header Files\thread</Filter>
    </ClInclude>
    <ClInclude Include="D:\Michael\Documents\UNI\TU Wien\8.Semester\UE Visual Analysis of Human Motion\openpose\include\openpose\thread\threadManager.hpp">
      <Filter>Header Files\thread</Filter>
    </ClInclude>
    <ClInclude Include="D:\Michael\Documents\UNI\TU Wien\8.Semester\UE Visual Analysis of Human Motion\openpose\include\openpose\thread\wIdGenerator.hpp">
      <Filter>Header Files\thread</Filter>
    </ClInclude>
    <ClInclude Include="D:\Michael\Documents\UNI\TU Wien\8.Semester\UE Visual Analysis of Human Motion\openpose\include\openpose\thread\wQueueOrderer.hpp">
      <Filter>Header Files\thread</Filter>
    </ClInclude>
    <ClInclude Include="D:\Michael\Documents\UNI\TU Wien\8.Semester\UE Visual Analysis of Human Motion\openpose\include\openpose\thread\worker.hpp">
      <Filter>Header Files\thread</Filter>
    </ClInclude>
    <ClInclude Include="D:\Michael\Documents\UNI\TU Wien\8.Semester\UE Visual Analysis of Human Motion\openpose\include\openpose\thread\workerConsumer.hpp">
      <Filter>Header Files\thread</Filter>
    </ClInclude>
    <ClInclude Include="D:\Michael\Documents\UNI\TU Wien\8.Semester\UE Visual Analysis of Human Motion\openpose\include\openpose\thread\workerProducer.hpp">
      <Filter>Header Files\thread</Filter>
    </ClInclude>
    <ClInclude Include="D:\Michael\Documents\UNI\TU Wien\8.Semester\UE Visual Analysis of Human Motion\openpose\include\openpose\utilities\check.hpp">
      <Filter>Header Files\utilities</Filter>
    </ClInclude>
    <ClInclude Include="D:\Michael\Documents\UNI\TU Wien\8.Semester\UE Visual Analysis of Human Motion\openpose\include\openpose\utilities\enumClasses.hpp">
      <Filter>Header Files\utilities</Filter>
    </ClInclude>
    <ClInclude Include="D:\Michael\Documents\UNI\TU Wien\8.Semester\UE Visual Analysis of Human Motion\openpose\include\openpose\utilities\errorAndLog.hpp">
      <Filter>Header Files\utilities</Filter>
    </ClInclude>
    <ClInclude Include="D:\Michael\Documents\UNI\TU Wien\8.Semester\UE Visual Analysis of Human Motion\openpose\include\openpose\utilities\fastMath.hpp">
      <Filter>Header Files\utilities</Filter>
    </ClInclude>
    <ClInclude Include="D:\Michael\Documents\UNI\TU Wien\8.Semester\UE Visual Analysis of Human Motion\openpose\include\openpose\utilities\fileSystem.hpp">
      <Filter>Header Files\utilities</Filter>
    </ClInclude>
    <ClInclude Include="D:\Michael\Documents\UNI\TU Wien\8.Semester\UE Visual Analysis of Human Motion\openpose\include\openpose\utilities\flagsToOpenPose.hpp">
      <Filter>Header Files\utilities</Filter>
    </ClInclude>
    <ClInclude Include="D:\Michael\Documents\UNI\TU Wien\8.Semester\UE Visual Analysis of Human Motion\openpose\include\openpose\utilities\headers.hpp">
      <Filter>Header Files\utilities</Filter>
    </ClInclude>
    <ClInclude Include="D:\Michael\Documents\UNI\TU Wien\8.Semester\UE Visual Analysis of Human Motion\openpose\include\openpose\utilities\keypoint.hpp">
      <Filter>Header Files\utilities</Filter>
    </ClInclude>
    <ClInclude Include="D:\Michael\Documents\UNI\TU Wien\8.Semester\UE Visual Analysis of Human Motion\openpose\include\openpose\utilities\openCv.hpp">
      <Filter>Header Files\utilities</Filter>
    </ClInclude>
    <ClInclude Include="D:\Michael\Documents\UNI\TU Wien\8.Semester\UE Visual Analysis of Human Motion\openpose\include\openpose\utilities\pointerContainer.hpp">
      <Filter>Header Files\utilities</Filter>
    </ClInclude>
    <ClInclude Include="D:\Michael\Documents\UNI\TU Wien\8.Semester\UE Visual Analysis of Human Motion\openpose\include\openpose\utilities\profiler.hpp">
      <Filter>Header Files\utilities</Filter>
    </ClInclude>
    <ClInclude Include="D:\Michael\Documents\UNI\TU Wien\8.Semester\UE Visual Analysis of Human Motion\openpose\include\openpose\utilities\standard.hpp">
      <Filter>Header Files\utilities</Filter>
    </ClInclude>
    <ClInclude Include="D:\Michael\Documents\UNI\TU Wien\8.Semester\UE Visual Analysis of Human Motion\openpose\include\openpose\utilities\string.hpp">
      <Filter>Header Files\utilities</Filter>
    </ClInclude>
    <ClInclude Include="D:\Michael\Documents\UNI\TU Wien\8.Semester\UE Visual Analysis of Human Motion\openpose\include\openpose\wrapper\headers.hpp">
      <Filter>Header Files\wrapper</Filter>
    </ClInclude>
    <ClInclude Include="D:\Michael\Documents\UNI\TU Wien\8.Semester\UE Visual Analysis of Human Motion\openpose\include\openpose\wrapper\wrapper.hpp">
      <Filter>Header Files\wrapper</Filter>
    </ClInclude>
    <ClInclude Include="D:\Michael\Documents\UNI\TU Wien\8.Semester\UE Visual Analysis of Human Motion\openpose\include\openpose\wrapper\wrapperAuxiliary.hpp">
      <Filter>Header Files\wrapper</Filter>
    </ClInclude>
    <ClInclude Include="D:\Michael\Documents\UNI\TU Wien\8.Semester\UE Visual Analysis of Human Motion\openpose\include\openpose\wrapper\wrapperStructFace.hpp">
      <Filter>Header Files\wrapper</Filter>
    </ClInclude>
    <ClInclude Include="D:\Michael\Documents\UNI\TU Wien\8.Semester\UE Visual Analysis of Human Motion\openpose\include\openpose\wrapper\wrapperStructHand.hpp">
      <Filter>Header Files\wrapper</Filter>
    </ClInclude>
    <ClInclude Include="D:\Michael\Documents\UNI\TU Wien\8.Semester\UE Visual Analysis of Human Motion\openpose\include\openpose\wrapper\wrapperStructInput.hpp">
      <Filter>Header Files\wrapper</Filter>
    </ClInclude>
    <ClInclude Include="D:\Michael\Documents\UNI\TU Wien\8.Semester\UE Visual Analysis of Human Motion\openpose\include\openpose\wrapper\wrapperStructOutput.hpp">
      <Filter>Header Files\wrapper</Filter>
    </ClInclude>
    <ClInclude Include="D:\Michael\Documents\UNI\TU Wien\8.Semester\UE Visual Analysis of Human Motion\openpose\include\openpose\wrapper\wrapperStructPose.hpp">
      <Filter>Header Files\wrapper</Filter>
    </ClInclude>
  </ItemGroup>
  <ItemGroup>
    <CustomBuild Include="D:\Michael\Documents\UNI\TU Wien\8.Semester\UE Visual Analysis of Human Motion\openpose\src\openpose\experimental\tracking\pyramidalLK.cu">
      <Filter>Source Files</Filter>
    </CustomBuild>
    <CustomBuild Include="D:\Michael\Documents\UNI\TU Wien\8.Semester\UE Visual Analysis of Human Motion\openpose\src\openpose\face\renderFace.cu">
      <Filter>Source Files\face</Filter>
    </CustomBuild>
    <CustomBuild Include="D:\Michael\Documents\UNI\TU Wien\8.Semester\UE Visual Analysis of Human Motion\openpose\src\openpose\hand\renderHand.cu">
      <Filter>Source Files\hand</Filter>
    </CustomBuild>
    <CustomBuild Include="D:\Michael\Documents\UNI\TU Wien\8.Semester\UE Visual Analysis of Human Motion\openpose\src\openpose\net\maximumBase.cu">
      <Filter>Source Files\net</Filter>
    </CustomBuild>
    <CustomBuild Include="D:\Michael\Documents\UNI\TU Wien\8.Semester\UE Visual Analysis of Human Motion\openpose\src\openpose\net\nmsBase.cu">
      <Filter>Source Files\net</Filter>
    </CustomBuild>
    <CustomBuild Include="D:\Michael\Documents\UNI\TU Wien\8.Semester\UE Visual Analysis of Human Motion\openpose\src\openpose\net\resizeAndMergeBase.cu">
      <Filter>Source Files\net</Filter>
    </CustomBuild>
    <CustomBuild Include="D:\Michael\Documents\UNI\TU Wien\8.Semester\UE Visual Analysis of Human Motion\openpose\src\openpose\pose\bodyPartConnectorBase.cu">
      <Filter>Source Files\pose</Filter>
    </CustomBuild>
    <CustomBuild Include="D:\Michael\Documents\UNI\TU Wien\8.Semester\UE Visual Analysis of Human Motion\openpose\src\openpose\pose\renderPose.cu">
      <Filter>Source Files\pose</Filter>
    </CustomBuild>
  </ItemGroup>
  <ItemGroup>
    <None Include="D:\Michael\Documents\UNI\TU Wien\8.Semester\UE Visual Analysis of Human Motion\openpose\include\openpose\gpu\cuda.hu">
      <Filter>Header Files\gpu</Filter>
    </None>
    <None Include="D:\Michael\Documents\UNI\TU Wien\8.Semester\UE Visual Analysis of Human Motion\openpose\include\openpose\utilities\render.hu">
      <Filter>Header Files\utilities</Filter>
    </None>
  </ItemGroup>
  <ItemGroup>
    <Object Include="D:\Michael\Documents\UNI\TU Wien\8.Semester\UE Visual Analysis of Human Motion\openpose\buildwin\src\openpose\CMakeFiles\openpose.dir\experimental\tracking\$(Configuration)\openpose_generated_pyramidalLK.cu.obj">
      <Filter>Object Files</Filter>
    </Object>
    <Object Include="D:\Michael\Documents\UNI\TU Wien\8.Semester\UE Visual Analysis of Human Motion\openpose\buildwin\src\openpose\CMakeFiles\openpose.dir\face\$(Configuration)\openpose_generated_renderFace.cu.obj">
      <Filter>Object Files</Filter>
    </Object>
    <Object Include="D:\Michael\Documents\UNI\TU Wien\8.Semester\UE Visual Analysis of Human Motion\openpose\buildwin\src\openpose\CMakeFiles\openpose.dir\hand\$(Configuration)\openpose_generated_renderHand.cu.obj">
      <Filter>Object Files</Filter>
    </Object>
    <Object Include="D:\Michael\Documents\UNI\TU Wien\8.Semester\UE Visual Analysis of Human Motion\openpose\buildwin\src\openpose\CMakeFiles\openpose.dir\net\$(Configuration)\openpose_generated_maximumBase.cu.obj">
      <Filter>Object Files</Filter>
    </Object>
    <Object Include="D:\Michael\Documents\UNI\TU Wien\8.Semester\UE Visual Analysis of Human Motion\openpose\buildwin\src\openpose\CMakeFiles\openpose.dir\net\$(Configuration)\openpose_generated_nmsBase.cu.obj">
      <Filter>Object Files</Filter>
    </Object>
    <Object Include="D:\Michael\Documents\UNI\TU Wien\8.Semester\UE Visual Analysis of Human Motion\openpose\buildwin\src\openpose\CMakeFiles\openpose.dir\net\$(Configuration)\openpose_generated_resizeAndMergeBase.cu.obj">
      <Filter>Object Files</Filter>
    </Object>
    <Object Include="D:\Michael\Documents\UNI\TU Wien\8.Semester\UE Visual Analysis of Human Motion\openpose\buildwin\src\openpose\CMakeFiles\openpose.dir\pose\$(Configuration)\openpose_generated_bodyPartConnectorBase.cu.obj">
      <Filter>Object Files</Filter>
    </Object>
    <Object Include="D:\Michael\Documents\UNI\TU Wien\8.Semester\UE Visual Analysis of Human Motion\openpose\buildwin\src\openpose\CMakeFiles\openpose.dir\pose\$(Configuration)\openpose_generated_renderPose.cu.obj">
      <Filter>Object Files</Filter>
    </Object>
  </ItemGroup>
  <ItemGroup>
    <Filter Include="Header Files">
      <UniqueIdentifier>{D837C53D-8EED-3D93-A3AE-FE8ECA3B2303}</UniqueIdentifier>
    </Filter>
    <Filter Include="Header Files\3d">
      <UniqueIdentifier>{E6E8C519-4151-300E-91FE-35D76949217E}</UniqueIdentifier>
    </Filter>
    <Filter Include="Header Files\core">
      <UniqueIdentifier>{80917C9C-DC49-37FF-A608-44A595FD68AD}</UniqueIdentifier>
    </Filter>
    <Filter Include="Header Files\face">
      <UniqueIdentifier>{7D1642B2-9B1F-38A9-82C3-C6BCD067A69F}</UniqueIdentifier>
    </Filter>
    <Filter Include="Header Files\filestream">
      <UniqueIdentifier>{0A4DA7E4-3F29-35D1-B0C3-EF204089A100}</UniqueIdentifier>
    </Filter>
    <Filter Include="Header Files\gpu">
      <UniqueIdentifier>{349FF315-E357-3335-922D-F13BE0E537D8}</UniqueIdentifier>
    </Filter>
    <Filter Include="Header Files\gui">
      <UniqueIdentifier>{2453F78A-E907-3532-8967-C057B155465F}</UniqueIdentifier>
    </Filter>
    <Filter Include="Header Files\hand">
      <UniqueIdentifier>{1FF6711D-3128-3823-A69C-CC6894F3F422}</UniqueIdentifier>
    </Filter>
    <Filter Include="Header Files\net">
      <UniqueIdentifier>{40FF5EEF-6ECF-3021-B979-A493FD7D9788}</UniqueIdentifier>
    </Filter>
    <Filter Include="Header Files\pose">
      <UniqueIdentifier>{6453D2DF-24D9-356B-B9FF-B80243EDE571}</UniqueIdentifier>
    </Filter>
    <Filter Include="Header Files\producer">
      <UniqueIdentifier>{40964679-00C8-3D54-9C70-B3487EE8EB2D}</UniqueIdentifier>
    </Filter>
    <Filter Include="Header Files\thread">
      <UniqueIdentifier>{E704B62C-458C-3C1F-9E72-FB5038F5F010}</UniqueIdentifier>
    </Filter>
    <Filter Include="Header Files\utilities">
      <UniqueIdentifier>{5692DFB2-02E2-35A7-83C5-B11AC2AFC784}</UniqueIdentifier>
    </Filter>
    <Filter Include="Header Files\wrapper">
      <UniqueIdentifier>{C99F4BAA-F5B7-3183-96A4-DD5C11C871EA}</UniqueIdentifier>
    </Filter>
    <Filter Include="Object Files">
      <UniqueIdentifier>{1DF740A8-F088-3227-9B82-7BDD10D53D01}</UniqueIdentifier>
    </Filter>
    <Filter Include="Source Files">
      <UniqueIdentifier>{A0992967-FC71-3392-AABF-18C6FC55F732}</UniqueIdentifier>
    </Filter>
    <Filter Include="Source Files\3d">
      <UniqueIdentifier>{67DCDE5C-6B73-3BCA-B928-9E91B6B01A9F}</UniqueIdentifier>
    </Filter>
    <Filter Include="Source Files\core">
      <UniqueIdentifier>{8039C7A0-B945-3509-B3F2-DC64D70022DB}</UniqueIdentifier>
    </Filter>
    <Filter Include="Source Files\face">
      <UniqueIdentifier>{DA560CD2-9CBB-349A-97C5-DF7EBDB3726B}</UniqueIdentifier>
    </Filter>
    <Filter Include="Source Files\filestream">
      <UniqueIdentifier>{6D6109CE-D162-39E4-9C32-F8F36DBE8C95}</UniqueIdentifier>
    </Filter>
    <Filter Include="Source Files\gpu">
      <UniqueIdentifier>{5DE13FCC-08C8-32B3-8A0D-B3EF4C5544E5}</UniqueIdentifier>
    </Filter>
    <Filter Include="Source Files\gui">
      <UniqueIdentifier>{E770CB5F-C3DA-30FC-8523-AA89D07817D6}</UniqueIdentifier>
    </Filter>
    <Filter Include="Source Files\hand">
      <UniqueIdentifier>{1BE8C17F-B9C5-3AF7-8179-94DFDE6676A5}</UniqueIdentifier>
    </Filter>
    <Filter Include="Source Files\net">
      <UniqueIdentifier>{84BF568A-B66B-359C-AF80-FC2B7F9EFBAE}</UniqueIdentifier>
    </Filter>
    <Filter Include="Source Files\pose">
      <UniqueIdentifier>{0A7A705F-EB70-3C48-B68E-6002CC1C9818}</UniqueIdentifier>
    </Filter>
    <Filter Include="Source Files\producer">
      <UniqueIdentifier>{5F0B5C7D-4E12-3EFD-A344-BF6A1E7E9C6F}</UniqueIdentifier>
    </Filter>
    <Filter Include="Source Files\thread">
      <UniqueIdentifier>{C5BE27AB-0A43-36CF-A99A-9D85AA31CA37}</UniqueIdentifier>
    </Filter>
    <Filter Include="Source Files\utilities">
      <UniqueIdentifier>{24788DE9-B078-320F-BDE3-44DC85A4EFDE}</UniqueIdentifier>
    </Filter>
    <Filter Include="Source Files\wrapper">
      <UniqueIdentifier>{9E21B2ED-956C-3311-BB85-90C6392E219B}</UniqueIdentifier>
    </Filter>
  </ItemGroup>
</Project>
